// !$*UTF8*$!
{
	archiveVersion = 1;
	classes = {
	};
	objectVersion = 55;
	objects = {

/* Begin PBXBuildFile section */
		94059580277E77D500630A61 /* AppDelegate.swift in Sources */ = {isa = PBXBuildFile; fileRef = 9405957F277E77D500630A61 /* AppDelegate.swift */; };
		94059582277E77D500630A61 /* SceneDelegate.swift in Sources */ = {isa = PBXBuildFile; fileRef = 94059581277E77D500630A61 /* SceneDelegate.swift */; };
		94059584277E77D500630A61 /* BaseViewController.swift in Sources */ = {isa = PBXBuildFile; fileRef = 94059583277E77D500630A61 /* BaseViewController.swift */; };
		9405958A277E77D500630A61 /* CleanNews.xcdatamodeld in Sources */ = {isa = PBXBuildFile; fileRef = 94059588277E77D500630A61 /* CleanNews.xcdatamodeld */; };
		9405958C277E77D800630A61 /* Assets.xcassets in Resources */ = {isa = PBXBuildFile; fileRef = 9405958B277E77D800630A61 /* Assets.xcassets */; };
		9405958F277E77D800630A61 /* LaunchScreen.storyboard in Resources */ = {isa = PBXBuildFile; fileRef = 9405958D277E77D800630A61 /* LaunchScreen.storyboard */; };
		9405959A277E77D900630A61 /* CleanNewsTests.swift in Sources */ = {isa = PBXBuildFile; fileRef = 94059599277E77D900630A61 /* CleanNewsTests.swift */; };
		940595A4277E77D900630A61 /* CleanNewsUITests.swift in Sources */ = {isa = PBXBuildFile; fileRef = 940595A3277E77D900630A61 /* CleanNewsUITests.swift */; };
		940595A6277E77D900630A61 /* CleanNewsUITestsLaunchTests.swift in Sources */ = {isa = PBXBuildFile; fileRef = 940595A5277E77D900630A61 /* CleanNewsUITestsLaunchTests.swift */; };
		940595CB277FD0A100630A61 /* Creatable.swift in Sources */ = {isa = PBXBuildFile; fileRef = 940595CA277FD0A100630A61 /* Creatable.swift */; };
		940595CF277FDB0D00630A61 /*  UIViewController+AddBehaviors.swift in Sources */ = {isa = PBXBuildFile; fileRef = 940595CE277FDB0D00630A61 /*  UIViewController+AddBehaviors.swift */; };
		940595D2277FDCFF00630A61 /* NavigationBarStyleBehavior.swift in Sources */ = {isa = PBXBuildFile; fileRef = 940595D1277FDCFF00630A61 /* NavigationBarStyleBehavior.swift */; };
		940595D4277FDEFD00630A61 /* AppAppearance.swift in Sources */ = {isa = PBXBuildFile; fileRef = 940595D3277FDEFC00630A61 /* AppAppearance.swift */; };
		9408790F278B530F001F70C4 /* Moya in Frameworks */ = {isa = PBXBuildFile; productRef = 9408790E278B530F001F70C4 /* Moya */; };
		94087936278B941F001F70C4 /* Environment.swift in Sources */ = {isa = PBXBuildFile; fileRef = 94087935278B941F001F70C4 /* Environment.swift */; };
		94087938278BA8F4001F70C4 /* AppConfiguration.swift in Sources */ = {isa = PBXBuildFile; fileRef = 94087937278BA8F4001F70C4 /* AppConfiguration.swift */; };
		9408793B278BAB01001F70C4 /* AppDevSecrets.swift.gyb in Resources */ = {isa = PBXBuildFile; fileRef = 9408793A278BAB01001F70C4 /* AppDevSecrets.swift.gyb */; };
		94087948278BB21B001F70C4 /* Secrets.swift in Sources */ = {isa = PBXBuildFile; fileRef = 94087947278BB21B001F70C4 /* Secrets.swift */; };
		9408794C278BB5B4001F70C4 /* CleanNewsSecrets.swift in Sources */ = {isa = PBXBuildFile; fileRef = 9408794B278BB5B4001F70C4 /* CleanNewsSecrets.swift */; };
		9408794E278BB947001F70C4 /* AppProdSecrets.swift.gyb in Resources */ = {isa = PBXBuildFile; fileRef = 9408794D278BB947001F70C4 /* AppProdSecrets.swift.gyb */; };
		94087951278BBBEA001F70C4 /* AppProdSecrets.swift in Sources */ = {isa = PBXBuildFile; fileRef = 9408794F278BBBEA001F70C4 /* AppProdSecrets.swift */; };
		94087955278BBEEA001F70C4 /* AppSecrets.swift in Sources */ = {isa = PBXBuildFile; fileRef = 94087954278BBEEA001F70C4 /* AppSecrets.swift */; };
		942496AF27977F0E00AF7F22 /* FeedsDIContainer.swift in Sources */ = {isa = PBXBuildFile; fileRef = 942496AE27977F0E00AF7F22 /* FeedsDIContainer.swift */; };
		942496B127978C9500AF7F22 /* HomeViewModel.swift in Sources */ = {isa = PBXBuildFile; fileRef = 942496B027978C9500AF7F22 /* HomeViewModel.swift */; };
		942496B3279790A200AF7F22 /* Observable.swift in Sources */ = {isa = PBXBuildFile; fileRef = 942496B2279790A200AF7F22 /* Observable.swift */; };
		942496B62797917B00AF7F22 /* FeedsListItemViewModel.swift in Sources */ = {isa = PBXBuildFile; fileRef = 942496B52797917B00AF7F22 /* FeedsListItemViewModel.swift */; };
		942496BB279795F600AF7F22 /* Category.swift in Sources */ = {isa = PBXBuildFile; fileRef = 942496BA279795F600AF7F22 /* Category.swift */; };
		942496BE2798D0B400AF7F22 /* NewsListUseCase.swift in Sources */ = {isa = PBXBuildFile; fileRef = 942496BD2798D0B400AF7F22 /* NewsListUseCase.swift */; };
		942496C12798D27800AF7F22 /* NewsRepository.swift in Sources */ = {isa = PBXBuildFile; fileRef = 942496C02798D27800AF7F22 /* NewsRepository.swift */; };
		942496C42798F0C100AF7F22 /* NewsAPIResponse.swift in Sources */ = {isa = PBXBuildFile; fileRef = 942496C32798F0C100AF7F22 /* NewsAPIResponse.swift */; };
		942496C8279905C400AF7F22 /* NewsItem.swift in Sources */ = {isa = PBXBuildFile; fileRef = 942496C7279905C400AF7F22 /* NewsItem.swift */; };
		9428324327ABC53500CE603C /* NetworkServiceMock.swift in Sources */ = {isa = PBXBuildFile; fileRef = 9428324227ABC53400CE603C /* NetworkServiceMock.swift */; };
		942B111B27B05DB200B7C9F3 /* UseCase.swift in Sources */ = {isa = PBXBuildFile; fileRef = 942B111A27B05DB200B7C9F3 /* UseCase.swift */; };
		942B111D27B061AF00B7C9F3 /* DefaultUseCaseExecutor.swift in Sources */ = {isa = PBXBuildFile; fileRef = 942B111C27B061AF00B7C9F3 /* DefaultUseCaseExecutor.swift */; };
		94327ADD27877D36001684BF /* FeedDetailsViewController.swift in Sources */ = {isa = PBXBuildFile; fileRef = 94327ADC27877D36001684BF /* FeedDetailsViewController.swift */; };
		94327ADF27886F4D001684BF /* FeedDetailsView.swift in Sources */ = {isa = PBXBuildFile; fileRef = 94327ADE27886F4D001684BF /* FeedDetailsView.swift */; };
		94421DCD279CE5D800DE1D50 /* ArticleToFeedsListItemViewModelMapper.swift in Sources */ = {isa = PBXBuildFile; fileRef = 94421DCC279CE5D800DE1D50 /* ArticleToFeedsListItemViewModelMapper.swift */; };
		94421DCF279E9B1700DE1D50 /* String+Extension.swift in Sources */ = {isa = PBXBuildFile; fileRef = 94421DCE279E9B1700DE1D50 /* String+Extension.swift */; };
		94440CFD27892C73006BA114 /* UIScrollView+Extension.swift in Sources */ = {isa = PBXBuildFile; fileRef = 94440CFC27892C73006BA114 /* UIScrollView+Extension.swift */; };
		94440D0027892FD1006BA114 /* BookmarksViewController.swift in Sources */ = {isa = PBXBuildFile; fileRef = 94440CFF27892FD1006BA114 /* BookmarksViewController.swift */; };
		94440D0227892FDA006BA114 /* BookmarksView.swift in Sources */ = {isa = PBXBuildFile; fileRef = 94440D0127892FDA006BA114 /* BookmarksView.swift */; };
		94440D0427893033006BA114 /* BookmarkCell.swift in Sources */ = {isa = PBXBuildFile; fileRef = 94440D0327893033006BA114 /* BookmarkCell.swift */; };
		94440D06278B2822006BA114 /* SwipeToRevealView.swift in Sources */ = {isa = PBXBuildFile; fileRef = 94440D05278B2822006BA114 /* SwipeToRevealView.swift */; };
		94440D09278B4CC0006BA114 /* AppDependencyContainer.swift in Sources */ = {isa = PBXBuildFile; fileRef = 94440D08278B4CC0006BA114 /* AppDependencyContainer.swift */; };
		94578F1A2782AFD20009F25C /* NavigationBarTintColorBehaviour.swift in Sources */ = {isa = PBXBuildFile; fileRef = 94578F192782AFD20009F25C /* NavigationBarTintColorBehaviour.swift */; };
		94578F1C2782B3DF0009F25C /* UIDevice+Extension.swift in Sources */ = {isa = PBXBuildFile; fileRef = 94578F1B2782B3DE0009F25C /* UIDevice+Extension.swift */; };
		94578F1F2782B6960009F25C /* DeviceGuru in Frameworks */ = {isa = PBXBuildFile; productRef = 94578F1E2782B6960009F25C /* DeviceGuru */; };
		94578F222782C31E0009F25C /* HomeViewController.swift in Sources */ = {isa = PBXBuildFile; fileRef = 94578F212782C31E0009F25C /* HomeViewController.swift */; };
		94578F242782C3280009F25C /* HomeView.swift in Sources */ = {isa = PBXBuildFile; fileRef = 94578F232782C3280009F25C /* HomeView.swift */; };
		94578F26278322E50009F25C /* FeedsCell.swift in Sources */ = {isa = PBXBuildFile; fileRef = 94578F25278322E50009F25C /* FeedsCell.swift */; };
		94578F2927832F9D0009F25C /* PaddingLabel.swift in Sources */ = {isa = PBXBuildFile; fileRef = 94578F2827832F9D0009F25C /* PaddingLabel.swift */; };
		94578F2B27834C620009F25C /* FeedSourceInformationView.swift in Sources */ = {isa = PBXBuildFile; fileRef = 94578F2A27834C620009F25C /* FeedSourceInformationView.swift */; };
		94578F2D27835F0A0009F25C /* FeedInteractiveView.swift in Sources */ = {isa = PBXBuildFile; fileRef = 94578F2C27835F0A0009F25C /* FeedInteractiveView.swift */; };
		94578F2F2783C2130009F25C /* LatestNewsSectionHeader.swift in Sources */ = {isa = PBXBuildFile; fileRef = 94578F2E2783C2130009F25C /* LatestNewsSectionHeader.swift */; };
		94578F332783D6DE0009F25C /* NavigationBarWithTransparentBehaviour.swift in Sources */ = {isa = PBXBuildFile; fileRef = 94578F322783D6DE0009F25C /* NavigationBarWithTransparentBehaviour.swift */; };
		94578F352783DE9D0009F25C /* NavigationBarStyle.swift in Sources */ = {isa = PBXBuildFile; fileRef = 94578F342783DE9D0009F25C /* NavigationBarStyle.swift */; };
		94578F372783DED60009F25C /* NavigationBarWithLineBehaviour.swift in Sources */ = {isa = PBXBuildFile; fileRef = 94578F362783DED60009F25C /* NavigationBarWithLineBehaviour.swift */; };
		94578F3A27847EF10009F25C /* CategoriesViewController.swift in Sources */ = {isa = PBXBuildFile; fileRef = 94578F3927847EF10009F25C /* CategoriesViewController.swift */; };
		94578F3C27847EFD0009F25C /* CategoriesView.swift in Sources */ = {isa = PBXBuildFile; fileRef = 94578F3B27847EFD0009F25C /* CategoriesView.swift */; };
		94578F3E2784809F0009F25C /* CategoryCell.swift in Sources */ = {isa = PBXBuildFile; fileRef = 94578F3D2784809F0009F25C /* CategoryCell.swift */; };
		9463A8BC27962C6400E4DDE1 /* FeedsCoordinator.swift in Sources */ = {isa = PBXBuildFile; fileRef = 9463A8BB27962C6400E4DDE1 /* FeedsCoordinator.swift */; };
		9463A8BE27962F1B00E4DDE1 /* RequestConfig.swift in Sources */ = {isa = PBXBuildFile; fileRef = 9463A8BD27962F1B00E4DDE1 /* RequestConfig.swift */; };
		948B1B2F27A9FE89009C8208 /* Network+Error.swift in Sources */ = {isa = PBXBuildFile; fileRef = 948B1B2E27A9FE89009C8208 /* Network+Error.swift */; };
		948B1B3227A9FEBB009C8208 /* NetworkRequestProviderMock.swift in Sources */ = {isa = PBXBuildFile; fileRef = 948B1B3127A9FEBB009C8208 /* NetworkRequestProviderMock.swift */; };
		948B762427B072AC0068E9F0 /* ViewControllerRoutes.swift in Sources */ = {isa = PBXBuildFile; fileRef = 948B762327B072AC0068E9F0 /* ViewControllerRoutes.swift */; };
		948B762627B077C60068E9F0 /* AppDevSecrets.swift in Sources */ = {isa = PBXBuildFile; fileRef = 948B762527B077C60068E9F0 /* AppDevSecrets.swift */; };
		948B762927B09F860068E9F0 /* DefaultNewsRepository.swift in Sources */ = {isa = PBXBuildFile; fileRef = 948B762827B09F860068E9F0 /* DefaultNewsRepository.swift */; };
		94B4FF17277FEA9D00D126A9 /* BaseView.swift in Sources */ = {isa = PBXBuildFile; fileRef = 94B4FF16277FEA9D00D126A9 /* BaseView.swift */; };
		94B4FF1C277FF15300D126A9 /* UIView+Extension.swift in Sources */ = {isa = PBXBuildFile; fileRef = 94B4FF1B277FF15300D126A9 /* UIView+Extension.swift */; };
		94B4FF20278281D400D126A9 /* MenuViewController.swift in Sources */ = {isa = PBXBuildFile; fileRef = 94B4FF1F278281D400D126A9 /* MenuViewController.swift */; };
		94B4FF222782854400D126A9 /* MenuView.swift in Sources */ = {isa = PBXBuildFile; fileRef = 94B4FF212782854400D126A9 /* MenuView.swift */; };
		94B4FF2427828E4900D126A9 /* UIEdgeInsets+Extension.swift in Sources */ = {isa = PBXBuildFile; fileRef = 94B4FF2327828E4900D126A9 /* UIEdgeInsets+Extension.swift */; };
		94B4FF262782908800D126A9 /* MenuCell.swift in Sources */ = {isa = PBXBuildFile; fileRef = 94B4FF252782908800D126A9 /* MenuCell.swift */; };
		94B4FF282782909F00D126A9 /* CollectionViewCell.swift in Sources */ = {isa = PBXBuildFile; fileRef = 94B4FF272782909F00D126A9 /* CollectionViewCell.swift */; };
		94B4FF2A278293CF00D126A9 /* Colors.xcassets in Resources */ = {isa = PBXBuildFile; fileRef = 94B4FF29278293CF00D126A9 /* Colors.xcassets */; };
		94B4FF2C278294DB00D126A9 /* UIColor+Extension.swift in Sources */ = {isa = PBXBuildFile; fileRef = 94B4FF2B278294DB00D126A9 /* UIColor+Extension.swift */; };
		94B4FF2E278297A400D126A9 /* UICollectionView+Extension.swift in Sources */ = {isa = PBXBuildFile; fileRef = 94B4FF2D278297A400D126A9 /* UICollectionView+Extension.swift */; };
		94B4FF312782A16F00D126A9 /* MenuDividerCell.swift in Sources */ = {isa = PBXBuildFile; fileRef = 94B4FF302782A16F00D126A9 /* MenuDividerCell.swift */; };
		94BEB61127936C96001B55DA /* NetworkService.swift in Sources */ = {isa = PBXBuildFile; fileRef = 94BEB61027936C96001B55DA /* NetworkService.swift */; };
		94BEB6132793828C001B55DA /* Endpoint.swift in Sources */ = {isa = PBXBuildFile; fileRef = 94BEB6122793828C001B55DA /* Endpoint.swift */; };
		94BEB615279389BE001B55DA /* APIRequest.swift in Sources */ = {isa = PBXBuildFile; fileRef = 94BEB614279389BE001B55DA /* APIRequest.swift */; };
		94BEB6172793991F001B55DA /* NetworkRequestProvider.swift in Sources */ = {isa = PBXBuildFile; fileRef = 94BEB6162793991F001B55DA /* NetworkRequestProvider.swift */; };
		94BEB6192793B8F8001B55DA /* AppCoordinator.swift in Sources */ = {isa = PBXBuildFile; fileRef = 94BEB6182793B8F8001B55DA /* AppCoordinator.swift */; };
		94C0738427A1F9AF00C0935B /* NewsRequestType.swift in Sources */ = {isa = PBXBuildFile; fileRef = 94C0738327A1F9AF00C0935B /* NewsRequestType.swift */; };
		94C0738727A360B100C0935B /* Kingfisher in Frameworks */ = {isa = PBXBuildFile; productRef = 94C0738627A360B100C0935B /* Kingfisher */; };
		94C0738927A3613700C0935B /* UIImageView+Extension.swift in Sources */ = {isa = PBXBuildFile; fileRef = 94C0738827A3613700C0935B /* UIImageView+Extension.swift */; };
		94C1F0C927A0F01100A3B022 /* NewsSource.swift in Sources */ = {isa = PBXBuildFile; fileRef = 94C1F0C827A0F01100A3B022 /* NewsSource.swift */; };
		94C1F0CB27A0FC0B00A3B022 /* Article.swift in Sources */ = {isa = PBXBuildFile; fileRef = 94C1F0CA27A0FC0B00A3B022 /* Article.swift */; };
		94C1F0CD27A0FE5B00A3B022 /* BreakingNewsResponse.swift in Sources */ = {isa = PBXBuildFile; fileRef = 94C1F0CC27A0FE5B00A3B022 /* BreakingNewsResponse.swift */; };
		94C1F0CF27A10CAC00A3B022 /* NewsEventsToNewsItemMapper.swift in Sources */ = {isa = PBXBuildFile; fileRef = 94C1F0CE27A10CAC00A3B022 /* NewsEventsToNewsItemMapper.swift */; };
		94C7D12E27AC71B200999A6A /* NewsRepositoryMock.swift in Sources */ = {isa = PBXBuildFile; fileRef = 94C7D12D27AC71B200999A6A /* NewsRepositoryMock.swift */; };
/* End PBXBuildFile section */

/* Begin PBXContainerItemProxy section */
		94059596277E77D900630A61 /* PBXContainerItemProxy */ = {
			isa = PBXContainerItemProxy;
			containerPortal = 94059574277E77D500630A61 /* Project object */;
			proxyType = 1;
			remoteGlobalIDString = 9405957B277E77D500630A61;
			remoteInfo = CleanNews;
		};
		940595A0277E77D900630A61 /* PBXContainerItemProxy */ = {
			isa = PBXContainerItemProxy;
			containerPortal = 94059574277E77D500630A61 /* Project object */;
			proxyType = 1;
			remoteGlobalIDString = 9405957B277E77D500630A61;
			remoteInfo = CleanNews;
		};
/* End PBXContainerItemProxy section */

/* Begin PBXFileReference section */
		9405957C277E77D500630A61 /* CleanNews-Labour.app */ = {isa = PBXFileReference; explicitFileType = wrapper.application; includeInIndex = 0; name = "CleanNews-Labour.app"; path = CleanNews.app; sourceTree = BUILT_PRODUCTS_DIR; };
		9405957F277E77D500630A61 /* AppDelegate.swift */ = {isa = PBXFileReference; lastKnownFileType = sourcecode.swift; path = AppDelegate.swift; sourceTree = "<group>"; };
		94059581277E77D500630A61 /* SceneDelegate.swift */ = {isa = PBXFileReference; lastKnownFileType = sourcecode.swift; path = SceneDelegate.swift; sourceTree = "<group>"; };
		94059583277E77D500630A61 /* BaseViewController.swift */ = {isa = PBXFileReference; lastKnownFileType = sourcecode.swift; path = BaseViewController.swift; sourceTree = "<group>"; };
		94059589277E77D500630A61 /* CleanNews.xcdatamodel */ = {isa = PBXFileReference; lastKnownFileType = wrapper.xcdatamodel; path = CleanNews.xcdatamodel; sourceTree = "<group>"; };
		9405958B277E77D800630A61 /* Assets.xcassets */ = {isa = PBXFileReference; lastKnownFileType = folder.assetcatalog; path = Assets.xcassets; sourceTree = "<group>"; };
		9405958E277E77D800630A61 /* Base */ = {isa = PBXFileReference; lastKnownFileType = file.storyboard; name = Base; path = Base.lproj/LaunchScreen.storyboard; sourceTree = "<group>"; };
		94059590277E77D800630A61 /* Info.plist */ = {isa = PBXFileReference; lastKnownFileType = text.plist.xml; path = Info.plist; sourceTree = "<group>"; };
		94059595277E77D900630A61 /* CleanNewsTests.xctest */ = {isa = PBXFileReference; explicitFileType = wrapper.cfbundle; includeInIndex = 0; path = CleanNewsTests.xctest; sourceTree = BUILT_PRODUCTS_DIR; };
		94059599277E77D900630A61 /* CleanNewsTests.swift */ = {isa = PBXFileReference; lastKnownFileType = sourcecode.swift; path = CleanNewsTests.swift; sourceTree = "<group>"; };
		9405959F277E77D900630A61 /* CleanNewsUITests.xctest */ = {isa = PBXFileReference; explicitFileType = wrapper.cfbundle; includeInIndex = 0; path = CleanNewsUITests.xctest; sourceTree = BUILT_PRODUCTS_DIR; };
		940595A3277E77D900630A61 /* CleanNewsUITests.swift */ = {isa = PBXFileReference; lastKnownFileType = sourcecode.swift; path = CleanNewsUITests.swift; sourceTree = "<group>"; };
		940595A5277E77D900630A61 /* CleanNewsUITestsLaunchTests.swift */ = {isa = PBXFileReference; lastKnownFileType = sourcecode.swift; path = CleanNewsUITestsLaunchTests.swift; sourceTree = "<group>"; };
		940595CA277FD0A100630A61 /* Creatable.swift */ = {isa = PBXFileReference; lastKnownFileType = sourcecode.swift; path = Creatable.swift; sourceTree = "<group>"; };
		940595CE277FDB0D00630A61 /*  UIViewController+AddBehaviors.swift */ = {isa = PBXFileReference; lastKnownFileType = sourcecode.swift; path = " UIViewController+AddBehaviors.swift"; sourceTree = "<group>"; };
		940595D1277FDCFF00630A61 /* NavigationBarStyleBehavior.swift */ = {isa = PBXFileReference; lastKnownFileType = sourcecode.swift; path = NavigationBarStyleBehavior.swift; sourceTree = "<group>"; };
		940595D3277FDEFC00630A61 /* AppAppearance.swift */ = {isa = PBXFileReference; lastKnownFileType = sourcecode.swift; path = AppAppearance.swift; sourceTree = "<group>"; };
		94087935278B941F001F70C4 /* Environment.swift */ = {isa = PBXFileReference; lastKnownFileType = sourcecode.swift; path = Environment.swift; sourceTree = "<group>"; };
		94087937278BA8F4001F70C4 /* AppConfiguration.swift */ = {isa = PBXFileReference; lastKnownFileType = sourcecode.swift; path = AppConfiguration.swift; sourceTree = "<group>"; };
		9408793A278BAB01001F70C4 /* AppDevSecrets.swift.gyb */ = {isa = PBXFileReference; lastKnownFileType = text; path = AppDevSecrets.swift.gyb; sourceTree = "<group>"; };
		94087947278BB21B001F70C4 /* Secrets.swift */ = {isa = PBXFileReference; lastKnownFileType = sourcecode.swift; path = Secrets.swift; sourceTree = "<group>"; };
		9408794B278BB5B4001F70C4 /* CleanNewsSecrets.swift */ = {isa = PBXFileReference; lastKnownFileType = sourcecode.swift; path = CleanNewsSecrets.swift; sourceTree = "<group>"; };
		9408794D278BB947001F70C4 /* AppProdSecrets.swift.gyb */ = {isa = PBXFileReference; lastKnownFileType = text; path = AppProdSecrets.swift.gyb; sourceTree = "<group>"; };
		9408794F278BBBEA001F70C4 /* AppProdSecrets.swift */ = {isa = PBXFileReference; fileEncoding = 4; lastKnownFileType = sourcecode.swift; path = AppProdSecrets.swift; sourceTree = "<group>"; };
		94087954278BBEEA001F70C4 /* AppSecrets.swift */ = {isa = PBXFileReference; lastKnownFileType = sourcecode.swift; path = AppSecrets.swift; sourceTree = "<group>"; };
		942496AE27977F0E00AF7F22 /* FeedsDIContainer.swift */ = {isa = PBXFileReference; lastKnownFileType = sourcecode.swift; path = FeedsDIContainer.swift; sourceTree = "<group>"; };
		942496B027978C9500AF7F22 /* HomeViewModel.swift */ = {isa = PBXFileReference; lastKnownFileType = sourcecode.swift; path = HomeViewModel.swift; sourceTree = "<group>"; };
		942496B2279790A200AF7F22 /* Observable.swift */ = {isa = PBXFileReference; lastKnownFileType = sourcecode.swift; path = Observable.swift; sourceTree = "<group>"; };
		942496B52797917B00AF7F22 /* FeedsListItemViewModel.swift */ = {isa = PBXFileReference; lastKnownFileType = sourcecode.swift; path = FeedsListItemViewModel.swift; sourceTree = "<group>"; };
		942496BA279795F600AF7F22 /* Category.swift */ = {isa = PBXFileReference; lastKnownFileType = sourcecode.swift; path = Category.swift; sourceTree = "<group>"; };
		942496BD2798D0B400AF7F22 /* NewsListUseCase.swift */ = {isa = PBXFileReference; lastKnownFileType = sourcecode.swift; path = NewsListUseCase.swift; sourceTree = "<group>"; };
		942496C02798D27800AF7F22 /* NewsRepository.swift */ = {isa = PBXFileReference; lastKnownFileType = sourcecode.swift; path = NewsRepository.swift; sourceTree = "<group>"; };
		942496C32798F0C100AF7F22 /* NewsAPIResponse.swift */ = {isa = PBXFileReference; lastKnownFileType = sourcecode.swift; path = NewsAPIResponse.swift; sourceTree = "<group>"; };
		942496C7279905C400AF7F22 /* NewsItem.swift */ = {isa = PBXFileReference; lastKnownFileType = sourcecode.swift; path = NewsItem.swift; sourceTree = "<group>"; };
		9428324227ABC53400CE603C /* NetworkServiceMock.swift */ = {isa = PBXFileReference; lastKnownFileType = sourcecode.swift; path = NetworkServiceMock.swift; sourceTree = "<group>"; };
		942B111A27B05DB200B7C9F3 /* UseCase.swift */ = {isa = PBXFileReference; lastKnownFileType = sourcecode.swift; path = UseCase.swift; sourceTree = "<group>"; };
		942B111C27B061AF00B7C9F3 /* DefaultUseCaseExecutor.swift */ = {isa = PBXFileReference; lastKnownFileType = sourcecode.swift; path = DefaultUseCaseExecutor.swift; sourceTree = "<group>"; };
		94327ADC27877D36001684BF /* FeedDetailsViewController.swift */ = {isa = PBXFileReference; lastKnownFileType = sourcecode.swift; path = FeedDetailsViewController.swift; sourceTree = "<group>"; };
		94327ADE27886F4D001684BF /* FeedDetailsView.swift */ = {isa = PBXFileReference; lastKnownFileType = sourcecode.swift; path = FeedDetailsView.swift; sourceTree = "<group>"; };
		94421DCC279CE5D800DE1D50 /* ArticleToFeedsListItemViewModelMapper.swift */ = {isa = PBXFileReference; lastKnownFileType = sourcecode.swift; path = ArticleToFeedsListItemViewModelMapper.swift; sourceTree = "<group>"; };
		94421DCE279E9B1700DE1D50 /* String+Extension.swift */ = {isa = PBXFileReference; lastKnownFileType = sourcecode.swift; path = "String+Extension.swift"; sourceTree = "<group>"; };
		94440CFC27892C73006BA114 /* UIScrollView+Extension.swift */ = {isa = PBXFileReference; lastKnownFileType = sourcecode.swift; path = "UIScrollView+Extension.swift"; sourceTree = "<group>"; };
		94440CFF27892FD1006BA114 /* BookmarksViewController.swift */ = {isa = PBXFileReference; lastKnownFileType = sourcecode.swift; path = BookmarksViewController.swift; sourceTree = "<group>"; };
		94440D0127892FDA006BA114 /* BookmarksView.swift */ = {isa = PBXFileReference; lastKnownFileType = sourcecode.swift; path = BookmarksView.swift; sourceTree = "<group>"; };
		94440D0327893033006BA114 /* BookmarkCell.swift */ = {isa = PBXFileReference; lastKnownFileType = sourcecode.swift; path = BookmarkCell.swift; sourceTree = "<group>"; };
		94440D05278B2822006BA114 /* SwipeToRevealView.swift */ = {isa = PBXFileReference; lastKnownFileType = sourcecode.swift; path = SwipeToRevealView.swift; sourceTree = "<group>"; };
		94440D08278B4CC0006BA114 /* AppDependencyContainer.swift */ = {isa = PBXFileReference; lastKnownFileType = sourcecode.swift; path = AppDependencyContainer.swift; sourceTree = "<group>"; };
		94578F192782AFD20009F25C /* NavigationBarTintColorBehaviour.swift */ = {isa = PBXFileReference; lastKnownFileType = sourcecode.swift; path = NavigationBarTintColorBehaviour.swift; sourceTree = "<group>"; };
		94578F1B2782B3DE0009F25C /* UIDevice+Extension.swift */ = {isa = PBXFileReference; lastKnownFileType = sourcecode.swift; path = "UIDevice+Extension.swift"; sourceTree = "<group>"; };
		94578F212782C31E0009F25C /* HomeViewController.swift */ = {isa = PBXFileReference; lastKnownFileType = sourcecode.swift; path = HomeViewController.swift; sourceTree = "<group>"; };
		94578F232782C3280009F25C /* HomeView.swift */ = {isa = PBXFileReference; lastKnownFileType = sourcecode.swift; path = HomeView.swift; sourceTree = "<group>"; };
		94578F25278322E50009F25C /* FeedsCell.swift */ = {isa = PBXFileReference; lastKnownFileType = sourcecode.swift; path = FeedsCell.swift; sourceTree = "<group>"; };
		94578F2827832F9D0009F25C /* PaddingLabel.swift */ = {isa = PBXFileReference; lastKnownFileType = sourcecode.swift; path = PaddingLabel.swift; sourceTree = "<group>"; };
		94578F2A27834C620009F25C /* FeedSourceInformationView.swift */ = {isa = PBXFileReference; lastKnownFileType = sourcecode.swift; path = FeedSourceInformationView.swift; sourceTree = "<group>"; };
		94578F2C27835F0A0009F25C /* FeedInteractiveView.swift */ = {isa = PBXFileReference; lastKnownFileType = sourcecode.swift; path = FeedInteractiveView.swift; sourceTree = "<group>"; };
		94578F2E2783C2130009F25C /* LatestNewsSectionHeader.swift */ = {isa = PBXFileReference; lastKnownFileType = sourcecode.swift; path = LatestNewsSectionHeader.swift; sourceTree = "<group>"; };
		94578F322783D6DE0009F25C /* NavigationBarWithTransparentBehaviour.swift */ = {isa = PBXFileReference; lastKnownFileType = sourcecode.swift; path = NavigationBarWithTransparentBehaviour.swift; sourceTree = "<group>"; };
		94578F342783DE9D0009F25C /* NavigationBarStyle.swift */ = {isa = PBXFileReference; lastKnownFileType = sourcecode.swift; path = NavigationBarStyle.swift; sourceTree = "<group>"; };
		94578F362783DED60009F25C /* NavigationBarWithLineBehaviour.swift */ = {isa = PBXFileReference; lastKnownFileType = sourcecode.swift; path = NavigationBarWithLineBehaviour.swift; sourceTree = "<group>"; };
		94578F3927847EF10009F25C /* CategoriesViewController.swift */ = {isa = PBXFileReference; lastKnownFileType = sourcecode.swift; path = CategoriesViewController.swift; sourceTree = "<group>"; };
		94578F3B27847EFD0009F25C /* CategoriesView.swift */ = {isa = PBXFileReference; lastKnownFileType = sourcecode.swift; path = CategoriesView.swift; sourceTree = "<group>"; };
		94578F3D2784809F0009F25C /* CategoryCell.swift */ = {isa = PBXFileReference; lastKnownFileType = sourcecode.swift; path = CategoryCell.swift; sourceTree = "<group>"; };
		9463A8BB27962C6400E4DDE1 /* FeedsCoordinator.swift */ = {isa = PBXFileReference; lastKnownFileType = sourcecode.swift; path = FeedsCoordinator.swift; sourceTree = "<group>"; };
		9463A8BD27962F1B00E4DDE1 /* RequestConfig.swift */ = {isa = PBXFileReference; lastKnownFileType = sourcecode.swift; path = RequestConfig.swift; sourceTree = "<group>"; };
		948B1B2E27A9FE89009C8208 /* Network+Error.swift */ = {isa = PBXFileReference; lastKnownFileType = sourcecode.swift; path = "Network+Error.swift"; sourceTree = "<group>"; };
		948B1B3127A9FEBB009C8208 /* NetworkRequestProviderMock.swift */ = {isa = PBXFileReference; lastKnownFileType = sourcecode.swift; path = NetworkRequestProviderMock.swift; sourceTree = "<group>"; };
		948B762327B072AC0068E9F0 /* ViewControllerRoutes.swift */ = {isa = PBXFileReference; lastKnownFileType = sourcecode.swift; path = ViewControllerRoutes.swift; sourceTree = "<group>"; };
		948B762527B077C60068E9F0 /* AppDevSecrets.swift */ = {isa = PBXFileReference; fileEncoding = 4; lastKnownFileType = sourcecode.swift; path = AppDevSecrets.swift; sourceTree = "<group>"; };
		948B762827B09F860068E9F0 /* DefaultNewsRepository.swift */ = {isa = PBXFileReference; lastKnownFileType = sourcecode.swift; path = DefaultNewsRepository.swift; sourceTree = "<group>"; };
		94B4FF16277FEA9D00D126A9 /* BaseView.swift */ = {isa = PBXFileReference; lastKnownFileType = sourcecode.swift; path = BaseView.swift; sourceTree = "<group>"; };
		94B4FF1B277FF15300D126A9 /* UIView+Extension.swift */ = {isa = PBXFileReference; lastKnownFileType = sourcecode.swift; path = "UIView+Extension.swift"; sourceTree = "<group>"; };
		94B4FF1F278281D400D126A9 /* MenuViewController.swift */ = {isa = PBXFileReference; lastKnownFileType = sourcecode.swift; path = MenuViewController.swift; sourceTree = "<group>"; };
		94B4FF212782854400D126A9 /* MenuView.swift */ = {isa = PBXFileReference; lastKnownFileType = sourcecode.swift; path = MenuView.swift; sourceTree = "<group>"; };
		94B4FF2327828E4900D126A9 /* UIEdgeInsets+Extension.swift */ = {isa = PBXFileReference; lastKnownFileType = sourcecode.swift; path = "UIEdgeInsets+Extension.swift"; sourceTree = "<group>"; };
		94B4FF252782908800D126A9 /* MenuCell.swift */ = {isa = PBXFileReference; lastKnownFileType = sourcecode.swift; path = MenuCell.swift; sourceTree = "<group>"; };
		94B4FF272782909F00D126A9 /* CollectionViewCell.swift */ = {isa = PBXFileReference; lastKnownFileType = sourcecode.swift; path = CollectionViewCell.swift; sourceTree = "<group>"; };
		94B4FF29278293CF00D126A9 /* Colors.xcassets */ = {isa = PBXFileReference; lastKnownFileType = folder.assetcatalog; path = Colors.xcassets; sourceTree = "<group>"; };
		94B4FF2B278294DB00D126A9 /* UIColor+Extension.swift */ = {isa = PBXFileReference; lastKnownFileType = sourcecode.swift; path = "UIColor+Extension.swift"; sourceTree = "<group>"; };
		94B4FF2D278297A400D126A9 /* UICollectionView+Extension.swift */ = {isa = PBXFileReference; lastKnownFileType = sourcecode.swift; path = "UICollectionView+Extension.swift"; sourceTree = "<group>"; };
		94B4FF302782A16F00D126A9 /* MenuDividerCell.swift */ = {isa = PBXFileReference; lastKnownFileType = sourcecode.swift; path = MenuDividerCell.swift; sourceTree = "<group>"; };
		94BEB61027936C96001B55DA /* NetworkService.swift */ = {isa = PBXFileReference; lastKnownFileType = sourcecode.swift; path = NetworkService.swift; sourceTree = "<group>"; };
		94BEB6122793828C001B55DA /* Endpoint.swift */ = {isa = PBXFileReference; lastKnownFileType = sourcecode.swift; path = Endpoint.swift; sourceTree = "<group>"; };
		94BEB614279389BE001B55DA /* APIRequest.swift */ = {isa = PBXFileReference; lastKnownFileType = sourcecode.swift; path = APIRequest.swift; sourceTree = "<group>"; };
		94BEB6162793991F001B55DA /* NetworkRequestProvider.swift */ = {isa = PBXFileReference; fileEncoding = 4; lastKnownFileType = sourcecode.swift; path = NetworkRequestProvider.swift; sourceTree = "<group>"; };
		94BEB6182793B8F8001B55DA /* AppCoordinator.swift */ = {isa = PBXFileReference; lastKnownFileType = sourcecode.swift; path = AppCoordinator.swift; sourceTree = "<group>"; };
		94C0738327A1F9AF00C0935B /* NewsRequestType.swift */ = {isa = PBXFileReference; lastKnownFileType = sourcecode.swift; path = NewsRequestType.swift; sourceTree = "<group>"; };
		94C0738827A3613700C0935B /* UIImageView+Extension.swift */ = {isa = PBXFileReference; lastKnownFileType = sourcecode.swift; path = "UIImageView+Extension.swift"; sourceTree = "<group>"; };
		94C1F0C827A0F01100A3B022 /* NewsSource.swift */ = {isa = PBXFileReference; lastKnownFileType = sourcecode.swift; path = NewsSource.swift; sourceTree = "<group>"; };
		94C1F0CA27A0FC0B00A3B022 /* Article.swift */ = {isa = PBXFileReference; lastKnownFileType = sourcecode.swift; path = Article.swift; sourceTree = "<group>"; };
		94C1F0CC27A0FE5B00A3B022 /* BreakingNewsResponse.swift */ = {isa = PBXFileReference; lastKnownFileType = sourcecode.swift; path = BreakingNewsResponse.swift; sourceTree = "<group>"; };
		94C1F0CE27A10CAC00A3B022 /* NewsEventsToNewsItemMapper.swift */ = {isa = PBXFileReference; lastKnownFileType = sourcecode.swift; path = NewsEventsToNewsItemMapper.swift; sourceTree = "<group>"; };
		94C7D12D27AC71B200999A6A /* NewsRepositoryMock.swift */ = {isa = PBXFileReference; lastKnownFileType = sourcecode.swift; path = NewsRepositoryMock.swift; sourceTree = "<group>"; };
/* End PBXFileReference section */

/* Begin PBXFrameworksBuildPhase section */
		94059579277E77D500630A61 /* Frameworks */ = {
			isa = PBXFrameworksBuildPhase;
			buildActionMask = 2147483647;
			files = (
				94C0738727A360B100C0935B /* Kingfisher in Frameworks */,
				9408790F278B530F001F70C4 /* Moya in Frameworks */,
				94578F1F2782B6960009F25C /* DeviceGuru in Frameworks */,
			);
			runOnlyForDeploymentPostprocessing = 0;
		};
		94059592277E77D900630A61 /* Frameworks */ = {
			isa = PBXFrameworksBuildPhase;
			buildActionMask = 2147483647;
			files = (
			);
			runOnlyForDeploymentPostprocessing = 0;
		};
		9405959C277E77D900630A61 /* Frameworks */ = {
			isa = PBXFrameworksBuildPhase;
			buildActionMask = 2147483647;
			files = (
			);
			runOnlyForDeploymentPostprocessing = 0;
		};
/* End PBXFrameworksBuildPhase section */

/* Begin PBXGroup section */
		94059573277E77D500630A61 = {
			isa = PBXGroup;
			children = (
				9405957E277E77D500630A61 /* CleanNews */,
				94059598277E77D900630A61 /* CleanNewsTests */,
				940595A2277E77D900630A61 /* CleanNewsUITests */,
				9405957D277E77D500630A61 /* Products */,
			);
			sourceTree = "<group>";
		};
		9405957D277E77D500630A61 /* Products */ = {
			isa = PBXGroup;
			children = (
				9405957C277E77D500630A61 /* CleanNews-Labour.app */,
				94059595277E77D900630A61 /* CleanNewsTests.xctest */,
				9405959F277E77D900630A61 /* CleanNewsUITests.xctest */,
			);
			name = Products;
			sourceTree = "<group>";
		};
		9405957E277E77D500630A61 /* CleanNews */ = {
			isa = PBXGroup;
			children = (
				940595BD277FC7C500630A61 /* Application */,
				94440D0A278B4CFC006BA114 /* Network */,
				940595C6277FC97000630A61 /* Data */,
				942496B7279795BD00AF7F22 /* Domain */,
				940595BF277FC80000630A61 /* Presentation */,
				940595C5277FC90300630A61 /* Resources */,
			);
			path = CleanNews;
			sourceTree = "<group>";
		};
		94059598277E77D900630A61 /* CleanNewsTests */ = {
			isa = PBXGroup;
			children = (
				948B1B2D27A9FE64009C8208 /* Network */,
				9428324427ABC88500CE603C /* Repositories */,
				94059599277E77D900630A61 /* CleanNewsTests.swift */,
			);
			path = CleanNewsTests;
			sourceTree = "<group>";
		};
		940595A2277E77D900630A61 /* CleanNewsUITests */ = {
			isa = PBXGroup;
			children = (
				940595A3277E77D900630A61 /* CleanNewsUITests.swift */,
				940595A5277E77D900630A61 /* CleanNewsUITestsLaunchTests.swift */,
			);
			path = CleanNewsUITests;
			sourceTree = "<group>";
		};
		940595BD277FC7C500630A61 /* Application */ = {
			isa = PBXGroup;
			children = (
				940595BE277FC7D000630A61 /* AppDelegate */,
				94440D07278B4C2D006BA114 /* Dependencies */,
				94087939278BAAA5001F70C4 /* Environment */,
				94087937278BA8F4001F70C4 /* AppConfiguration.swift */,
				940595D3277FDEFC00630A61 /* AppAppearance.swift */,
				94BEB6182793B8F8001B55DA /* AppCoordinator.swift */,
			);
			path = Application;
			sourceTree = "<group>";
		};
		940595BE277FC7D000630A61 /* AppDelegate */ = {
			isa = PBXGroup;
			children = (
				9405957F277E77D500630A61 /* AppDelegate.swift */,
				94059581277E77D500630A61 /* SceneDelegate.swift */,
			);
			path = AppDelegate;
			sourceTree = "<group>";
		};
		940595BF277FC80000630A61 /* Presentation */ = {
			isa = PBXGroup;
			children = (
				940595C9277FD07500630A61 /* Utils */,
				94B4FF18277FEF3700D126A9 /* BaseClasses */,
				94578F2727832F460009F25C /* Components */,
				940595D0277FDB5700630A61 /* Behaviours */,
				94B4FF1D27827E0C00D126A9 /* Scenes */,
			);
			path = Presentation;
			sourceTree = "<group>";
		};
		940595C0277FC81F00630A61 /* Feeds */ = {
			isa = PBXGroup;
			children = (
				94B4FF2F2782A15F00D126A9 /* Cells */,
				94440CFE27892FB1006BA114 /* Bookmarks */,
				94327ADB27877D04001684BF /* FeedDetails */,
				94B4FF1E278281B400D126A9 /* Menu */,
				94578F3827847ECC0009F25C /* Categories */,
				94578F202782C3080009F25C /* Home */,
				9463A8BB27962C6400E4DDE1 /* FeedsCoordinator.swift */,
				942496AE27977F0E00AF7F22 /* FeedsDIContainer.swift */,
			);
			path = Feeds;
			sourceTree = "<group>";
		};
		940595C1277FC88500630A61 /* Onboarding */ = {
			isa = PBXGroup;
			children = (
				940595C4277FC8A800630A61 /* Walkthrough */,
				940595C3277FC8A000630A61 /* Signup */,
				940595C2277FC88F00630A61 /* Login */,
			);
			path = Onboarding;
			sourceTree = "<group>";
		};
		940595C2277FC88F00630A61 /* Login */ = {
			isa = PBXGroup;
			children = (
			);
			path = Login;
			sourceTree = "<group>";
		};
		940595C3277FC8A000630A61 /* Signup */ = {
			isa = PBXGroup;
			children = (
			);
			path = Signup;
			sourceTree = "<group>";
		};
		940595C4277FC8A800630A61 /* Walkthrough */ = {
			isa = PBXGroup;
			children = (
			);
			path = Walkthrough;
			sourceTree = "<group>";
		};
		940595C5277FC90300630A61 /* Resources */ = {
			isa = PBXGroup;
			children = (
				9405958B277E77D800630A61 /* Assets.xcassets */,
				94B4FF29278293CF00D126A9 /* Colors.xcassets */,
				9405958D277E77D800630A61 /* LaunchScreen.storyboard */,
				94059590277E77D800630A61 /* Info.plist */,
			);
			path = Resources;
			sourceTree = "<group>";
		};
		940595C6277FC97000630A61 /* Data */ = {
			isa = PBXGroup;
			children = (
				948B762727B09F7C0068E9F0 /* Repositories */,
				94421DCB279CE13700DE1D50 /* Mappers */,
				940595C7277FC98200630A61 /* Storage */,
			);
			path = Data;
			sourceTree = "<group>";
		};
		940595C7277FC98200630A61 /* Storage */ = {
			isa = PBXGroup;
			children = (
				940595C8277FC98D00630A61 /* CoreData */,
			);
			path = Storage;
			sourceTree = "<group>";
		};
		940595C8277FC98D00630A61 /* CoreData */ = {
			isa = PBXGroup;
			children = (
				94059588277E77D500630A61 /* CleanNews.xcdatamodeld */,
			);
			path = CoreData;
			sourceTree = "<group>";
		};
		940595C9277FD07500630A61 /* Utils */ = {
			isa = PBXGroup;
			children = (
				940595CD277FDB0000630A61 /* Extension */,
				948B762327B072AC0068E9F0 /* ViewControllerRoutes.swift */,
				940595CA277FD0A100630A61 /* Creatable.swift */,
				942496B2279790A200AF7F22 /* Observable.swift */,
			);
			path = Utils;
			sourceTree = "<group>";
		};
		940595CD277FDB0000630A61 /* Extension */ = {
			isa = PBXGroup;
			children = (
				940595CE277FDB0D00630A61 /*  UIViewController+AddBehaviors.swift */,
				94C0738827A3613700C0935B /* UIImageView+Extension.swift */,
				94B4FF1B277FF15300D126A9 /* UIView+Extension.swift */,
				94421DCE279E9B1700DE1D50 /* String+Extension.swift */,
				94B4FF2327828E4900D126A9 /* UIEdgeInsets+Extension.swift */,
				94B4FF2B278294DB00D126A9 /* UIColor+Extension.swift */,
				94B4FF2D278297A400D126A9 /* UICollectionView+Extension.swift */,
				94578F1B2782B3DE0009F25C /* UIDevice+Extension.swift */,
				94440CFC27892C73006BA114 /* UIScrollView+Extension.swift */,
			);
			path = Extension;
			sourceTree = "<group>";
		};
		940595D0277FDB5700630A61 /* Behaviours */ = {
			isa = PBXGroup;
			children = (
				940595D1277FDCFF00630A61 /* NavigationBarStyleBehavior.swift */,
				94578F192782AFD20009F25C /* NavigationBarTintColorBehaviour.swift */,
				94578F322783D6DE0009F25C /* NavigationBarWithTransparentBehaviour.swift */,
				94578F362783DED60009F25C /* NavigationBarWithLineBehaviour.swift */,
				94578F342783DE9D0009F25C /* NavigationBarStyle.swift */,
			);
			path = Behaviours;
			sourceTree = "<group>";
		};
		9408791F278B8007001F70C4 /* Secrets */ = {
			isa = PBXGroup;
			children = (
				94087956278BBF57001F70C4 /* Generator */,
				94087954278BBEEA001F70C4 /* AppSecrets.swift */,
				9408794B278BB5B4001F70C4 /* CleanNewsSecrets.swift */,
			);
			path = Secrets;
			sourceTree = "<group>";
		};
		94087939278BAAA5001F70C4 /* Environment */ = {
			isa = PBXGroup;
			children = (
				9408791F278B8007001F70C4 /* Secrets */,
				94087935278B941F001F70C4 /* Environment.swift */,
			);
			path = Environment;
			sourceTree = "<group>";
		};
		94087956278BBF57001F70C4 /* Generator */ = {
			isa = PBXGroup;
			children = (
				948B762527B077C60068E9F0 /* AppDevSecrets.swift */,
				9408794F278BBBEA001F70C4 /* AppProdSecrets.swift */,
				9408793A278BAB01001F70C4 /* AppDevSecrets.swift.gyb */,
				9408794D278BB947001F70C4 /* AppProdSecrets.swift.gyb */,
				94087947278BB21B001F70C4 /* Secrets.swift */,
			);
			path = Generator;
			sourceTree = "<group>";
		};
		942496B42797916200AF7F22 /* FeedsCell */ = {
			isa = PBXGroup;
			children = (
				94578F25278322E50009F25C /* FeedsCell.swift */,
				942496B52797917B00AF7F22 /* FeedsListItemViewModel.swift */,
			);
			path = FeedsCell;
			sourceTree = "<group>";
		};
		942496B7279795BD00AF7F22 /* Domain */ = {
			isa = PBXGroup;
			children = (
				942496BF2798D23400AF7F22 /* Repositories */,
				942496BC2797AF0000AF7F22 /* Usecases */,
				942496B9279795DA00AF7F22 /* Entities */,
			);
			path = Domain;
			sourceTree = "<group>";
		};
		942496B9279795DA00AF7F22 /* Entities */ = {
			isa = PBXGroup;
			children = (
				942496BA279795F600AF7F22 /* Category.swift */,
				942496C7279905C400AF7F22 /* NewsItem.swift */,
				94C0738327A1F9AF00C0935B /* NewsRequestType.swift */,
			);
			path = Entities;
			sourceTree = "<group>";
		};
		942496BC2797AF0000AF7F22 /* Usecases */ = {
			isa = PBXGroup;
			children = (
				942496BD2798D0B400AF7F22 /* NewsListUseCase.swift */,
				942B111A27B05DB200B7C9F3 /* UseCase.swift */,
				942B111C27B061AF00B7C9F3 /* DefaultUseCaseExecutor.swift */,
			);
			path = Usecases;
			sourceTree = "<group>";
		};
		942496BF2798D23400AF7F22 /* Repositories */ = {
			isa = PBXGroup;
			children = (
				942496C02798D27800AF7F22 /* NewsRepository.swift */,
			);
			path = Repositories;
			sourceTree = "<group>";
		};
		942496C22798D82C00AF7F22 /* Models */ = {
			isa = PBXGroup;
			children = (
				942496C32798F0C100AF7F22 /* NewsAPIResponse.swift */,
				94C1F0C827A0F01100A3B022 /* NewsSource.swift */,
				94C1F0CA27A0FC0B00A3B022 /* Article.swift */,
				94C1F0CC27A0FE5B00A3B022 /* BreakingNewsResponse.swift */,
			);
			path = Models;
			sourceTree = "<group>";
		};
		9428324427ABC88500CE603C /* Repositories */ = {
			isa = PBXGroup;
			children = (
				9428324527ABC89300CE603C /* Mocks */,
			);
			path = Repositories;
			sourceTree = "<group>";
		};
		9428324527ABC89300CE603C /* Mocks */ = {
			isa = PBXGroup;
			children = (
				94C7D12D27AC71B200999A6A /* NewsRepositoryMock.swift */,
			);
			path = Mocks;
			sourceTree = "<group>";
		};
		94327ADB27877D04001684BF /* FeedDetails */ = {
			isa = PBXGroup;
			children = (
				94327ADC27877D36001684BF /* FeedDetailsViewController.swift */,
				94327ADE27886F4D001684BF /* FeedDetailsView.swift */,
			);
			path = FeedDetails;
			sourceTree = "<group>";
		};
		94421DCB279CE13700DE1D50 /* Mappers */ = {
			isa = PBXGroup;
			children = (
				94421DCC279CE5D800DE1D50 /* ArticleToFeedsListItemViewModelMapper.swift */,
				94C1F0CE27A10CAC00A3B022 /* NewsEventsToNewsItemMapper.swift */,
			);
			path = Mappers;
			sourceTree = "<group>";
		};
		94440CFE27892FB1006BA114 /* Bookmarks */ = {
			isa = PBXGroup;
			children = (
				94440CFF27892FD1006BA114 /* BookmarksViewController.swift */,
				94440D0127892FDA006BA114 /* BookmarksView.swift */,
			);
			path = Bookmarks;
			sourceTree = "<group>";
		};
		94440D07278B4C2D006BA114 /* Dependencies */ = {
			isa = PBXGroup;
			children = (
				94440D08278B4CC0006BA114 /* AppDependencyContainer.swift */,
			);
			path = Dependencies;
			sourceTree = "<group>";
		};
		94440D0A278B4CFC006BA114 /* Network */ = {
			isa = PBXGroup;
			children = (
				942496C22798D82C00AF7F22 /* Models */,
				94BEB6162793991F001B55DA /* NetworkRequestProvider.swift */,
				94BEB61027936C96001B55DA /* NetworkService.swift */,
				948B1B2E27A9FE89009C8208 /* Network+Error.swift */,
				94BEB6122793828C001B55DA /* Endpoint.swift */,
				94BEB614279389BE001B55DA /* APIRequest.swift */,
				9463A8BD27962F1B00E4DDE1 /* RequestConfig.swift */,
			);
			path = Network;
			sourceTree = "<group>";
		};
		94578F202782C3080009F25C /* Home */ = {
			isa = PBXGroup;
			children = (
				94578F212782C31E0009F25C /* HomeViewController.swift */,
				94578F232782C3280009F25C /* HomeView.swift */,
				942496B027978C9500AF7F22 /* HomeViewModel.swift */,
			);
			path = Home;
			sourceTree = "<group>";
		};
		94578F2727832F460009F25C /* Components */ = {
			isa = PBXGroup;
			children = (
				94578F2827832F9D0009F25C /* PaddingLabel.swift */,
				94578F2A27834C620009F25C /* FeedSourceInformationView.swift */,
				94578F2C27835F0A0009F25C /* FeedInteractiveView.swift */,
				94578F2E2783C2130009F25C /* LatestNewsSectionHeader.swift */,
				94440D05278B2822006BA114 /* SwipeToRevealView.swift */,
			);
			path = Components;
			sourceTree = "<group>";
		};
		94578F3827847ECC0009F25C /* Categories */ = {
			isa = PBXGroup;
			children = (
				94578F3927847EF10009F25C /* CategoriesViewController.swift */,
				94578F3B27847EFD0009F25C /* CategoriesView.swift */,
			);
			path = Categories;
			sourceTree = "<group>";
		};
		948B1B2D27A9FE64009C8208 /* Network */ = {
			isa = PBXGroup;
			children = (
				948B1B3027A9FEB1009C8208 /* Mocks */,
			);
			path = Network;
			sourceTree = "<group>";
		};
		948B1B3027A9FEB1009C8208 /* Mocks */ = {
			isa = PBXGroup;
			children = (
				948B1B3127A9FEBB009C8208 /* NetworkRequestProviderMock.swift */,
				9428324227ABC53400CE603C /* NetworkServiceMock.swift */,
			);
			path = Mocks;
			sourceTree = "<group>";
		};
		948B762727B09F7C0068E9F0 /* Repositories */ = {
			isa = PBXGroup;
			children = (
				948B762827B09F860068E9F0 /* DefaultNewsRepository.swift */,
			);
			path = Repositories;
			sourceTree = "<group>";
		};
		94B4FF18277FEF3700D126A9 /* BaseClasses */ = {
			isa = PBXGroup;
			children = (
				94059583277E77D500630A61 /* BaseViewController.swift */,
				94B4FF16277FEA9D00D126A9 /* BaseView.swift */,
				94B4FF272782909F00D126A9 /* CollectionViewCell.swift */,
			);
			path = BaseClasses;
			sourceTree = "<group>";
		};
		94B4FF1D27827E0C00D126A9 /* Scenes */ = {
			isa = PBXGroup;
			children = (
				940595C1277FC88500630A61 /* Onboarding */,
				940595C0277FC81F00630A61 /* Feeds */,
			);
			path = Scenes;
			sourceTree = "<group>";
		};
		94B4FF1E278281B400D126A9 /* Menu */ = {
			isa = PBXGroup;
			children = (
				94B4FF1F278281D400D126A9 /* MenuViewController.swift */,
				94B4FF212782854400D126A9 /* MenuView.swift */,
			);
			path = Menu;
			sourceTree = "<group>";
		};
		94B4FF2F2782A15F00D126A9 /* Cells */ = {
			isa = PBXGroup;
			children = (
				942496B42797916200AF7F22 /* FeedsCell */,
				94B4FF252782908800D126A9 /* MenuCell.swift */,
				94B4FF302782A16F00D126A9 /* MenuDividerCell.swift */,
				94578F3D2784809F0009F25C /* CategoryCell.swift */,
				94440D0327893033006BA114 /* BookmarkCell.swift */,
			);
			path = Cells;
			sourceTree = "<group>";
		};
/* End PBXGroup section */

/* Begin PBXNativeTarget section */
		9405957B277E77D500630A61 /* CleanNews */ = {
			isa = PBXNativeTarget;
			buildConfigurationList = 940595A9277E77D900630A61 /* Build configuration list for PBXNativeTarget "CleanNews" */;
			buildPhases = (
				9408793C278BAC1E001F70C4 /* Swift-gyb script */,
				940595B2277E8E4800630A61 /* Swiftlint Script */,
				940595B8277E9A1200630A61 /* SwiftFormat Script */,
				94059578277E77D500630A61 /* Sources */,
				94059579277E77D500630A61 /* Frameworks */,
				9405957A277E77D500630A61 /* Resources */,
			);
			buildRules = (
			);
			dependencies = (
			);
			name = CleanNews;
			packageProductDependencies = (
				94578F1E2782B6960009F25C /* DeviceGuru */,
				9408790E278B530F001F70C4 /* Moya */,
				94C0738627A360B100C0935B /* Kingfisher */,
			);
			productName = CleanNews;
			productReference = 9405957C277E77D500630A61 /* CleanNews-Labour.app */;
			productType = "com.apple.product-type.application";
		};
		94059594277E77D900630A61 /* CleanNewsTests */ = {
			isa = PBXNativeTarget;
			buildConfigurationList = 940595AC277E77D900630A61 /* Build configuration list for PBXNativeTarget "CleanNewsTests" */;
			buildPhases = (
				94059591277E77D900630A61 /* Sources */,
				94059592277E77D900630A61 /* Frameworks */,
				94059593277E77D900630A61 /* Resources */,
			);
			buildRules = (
			);
			dependencies = (
				94059597277E77D900630A61 /* PBXTargetDependency */,
			);
			name = CleanNewsTests;
			productName = CleanNewsTests;
			productReference = 94059595277E77D900630A61 /* CleanNewsTests.xctest */;
			productType = "com.apple.product-type.bundle.unit-test";
		};
		9405959E277E77D900630A61 /* CleanNewsUITests */ = {
			isa = PBXNativeTarget;
			buildConfigurationList = 940595AF277E77D900630A61 /* Build configuration list for PBXNativeTarget "CleanNewsUITests" */;
			buildPhases = (
				9405959B277E77D900630A61 /* Sources */,
				9405959C277E77D900630A61 /* Frameworks */,
				9405959D277E77D900630A61 /* Resources */,
			);
			buildRules = (
			);
			dependencies = (
				940595A1277E77D900630A61 /* PBXTargetDependency */,
			);
			name = CleanNewsUITests;
			productName = CleanNewsUITests;
			productReference = 9405959F277E77D900630A61 /* CleanNewsUITests.xctest */;
			productType = "com.apple.product-type.bundle.ui-testing";
		};
/* End PBXNativeTarget section */

/* Begin PBXProject section */
		94059574277E77D500630A61 /* Project object */ = {
			isa = PBXProject;
			attributes = {
				BuildIndependentTargetsInParallel = 1;
				LastSwiftUpdateCheck = 1310;
				LastUpgradeCheck = 1310;
				TargetAttributes = {
					9405957B277E77D500630A61 = {
						CreatedOnToolsVersion = 13.1;
					};
					94059594277E77D900630A61 = {
						CreatedOnToolsVersion = 13.1;
						TestTargetID = 9405957B277E77D500630A61;
					};
					9405959E277E77D900630A61 = {
						CreatedOnToolsVersion = 13.1;
						TestTargetID = 9405957B277E77D500630A61;
					};
				};
			};
			buildConfigurationList = 94059577277E77D500630A61 /* Build configuration list for PBXProject "CleanNews" */;
			compatibilityVersion = "Xcode 13.0";
			developmentRegion = en;
			hasScannedForEncodings = 0;
			knownRegions = (
				en,
				Base,
			);
			mainGroup = 94059573277E77D500630A61;
			packageReferences = (
				94578F1D2782B6960009F25C /* XCRemoteSwiftPackageReference "DeviceGuru" */,
				9408790D278B530F001F70C4 /* XCRemoteSwiftPackageReference "Moya" */,
				94C0738527A360B100C0935B /* XCRemoteSwiftPackageReference "Kingfisher" */,
			);
			productRefGroup = 9405957D277E77D500630A61 /* Products */;
			projectDirPath = "";
			projectRoot = "";
			targets = (
				9405957B277E77D500630A61 /* CleanNews */,
				94059594277E77D900630A61 /* CleanNewsTests */,
				9405959E277E77D900630A61 /* CleanNewsUITests */,
			);
		};
/* End PBXProject section */

/* Begin PBXResourcesBuildPhase section */
		9405957A277E77D500630A61 /* Resources */ = {
			isa = PBXResourcesBuildPhase;
			buildActionMask = 2147483647;
			files = (
				94B4FF2A278293CF00D126A9 /* Colors.xcassets in Resources */,
				9408793B278BAB01001F70C4 /* AppDevSecrets.swift.gyb in Resources */,
				9408794E278BB947001F70C4 /* AppProdSecrets.swift.gyb in Resources */,
				9405958F277E77D800630A61 /* LaunchScreen.storyboard in Resources */,
				9405958C277E77D800630A61 /* Assets.xcassets in Resources */,
			);
			runOnlyForDeploymentPostprocessing = 0;
		};
		94059593277E77D900630A61 /* Resources */ = {
			isa = PBXResourcesBuildPhase;
			buildActionMask = 2147483647;
			files = (
			);
			runOnlyForDeploymentPostprocessing = 0;
		};
		9405959D277E77D900630A61 /* Resources */ = {
			isa = PBXResourcesBuildPhase;
			buildActionMask = 2147483647;
			files = (
			);
			runOnlyForDeploymentPostprocessing = 0;
		};
/* End PBXResourcesBuildPhase section */

/* Begin PBXShellScriptBuildPhase section */
		940595B2277E8E4800630A61 /* Swiftlint Script */ = {
			isa = PBXShellScriptBuildPhase;
			buildActionMask = 2147483647;
			files = (
			);
			inputFileListPaths = (
			);
			inputPaths = (
			);
			name = "Swiftlint Script";
			outputFileListPaths = (
			);
			outputPaths = (
			);
			runOnlyForDeploymentPostprocessing = 0;
			shellPath = /bin/sh;
			shellScript = "# Type a script or drag a script file from your workspace to insert its path.\n\nif which swiftlint >/dev/null; then\n  swiftlint\nelse\n  echo \"warning: SwiftLint not installed, download from https://github.com/realm/SwiftLint\"\nfi\n";
		};
		940595B8277E9A1200630A61 /* SwiftFormat Script */ = {
			isa = PBXShellScriptBuildPhase;
			buildActionMask = 2147483647;
			files = (
			);
			inputFileListPaths = (
			);
			inputPaths = (
			);
			name = "SwiftFormat Script";
			outputFileListPaths = (
			);
			outputPaths = (
			);
			runOnlyForDeploymentPostprocessing = 0;
			shellPath = /bin/sh;
			shellScript = "# Type a script or drag a script file from your workspace to insert its path.\ncd BuildTools\nSDKROOT=(xcrun --sdk macosx --show-sdk-path)\n#swift package update #Uncomment this line temporarily to update the version used to the latest matching your BuildTools/Package.swift file\nswift run -c release swiftformat \"$SRCROOT\"\n";
		};
		9408793C278BAC1E001F70C4 /* Swift-gyb script */ = {
			isa = PBXShellScriptBuildPhase;
			buildActionMask = 2147483647;
			files = (
			);
			inputFileListPaths = (
			);
			inputPaths = (
				"$(SRCROOT)/CleanNews/Application/Environment/Secrets/Generator/AppDevSecrets.swift.gyb",
				"$(SRCROOT)/CleanNews/Application/Environment/Secrets/Generator/AppProdSecrets.swift.gyb",
			);
			name = "Swift-gyb script";
			outputFileListPaths = (
			);
			outputPaths = (
				"$(SRCROOT)/CleanNews/Application/Environment/Secrets/Generator/AppDevSecrets.swift",
				"$(SRCROOT)/CleanNews/Application/Environment/Secrets/Generator/AppProdSecrets.swift",
			);
			runOnlyForDeploymentPostprocessing = 0;
			shellPath = /bin/sh;
			shellScript = "# Type a script or drag a script file from your workspace to insert its path.\nif [ $ACTION != \"indexbuild\" ]; then\n  touch \"$SRCROOT/CleanNews/Application/Environment/Secrets/Generator/AppDevSecrets.swift\"\ntouch \"$SRCROOT/CleanNews/Application/Environment/Secrets/Generator/AppProdSecrets.swift\"\n\nif [ -f \".env.alpha\" ]; then\n    source .env.alpha\nfi\n\nif [ -f \".env.labour\" ]; then\n    source .env.labour\nfi\n\nfind \"$SRCROOT/CleanNews\" -name '*.gyb' |                                               \\\n    while read file; do                                              \\\n        gyb --line-directive '' -o \"${file%.gyb}\" \"$file\"; \\\n    done\n \nfi\n";
		};
/* End PBXShellScriptBuildPhase section */

/* Begin PBXSourcesBuildPhase section */
		94059578277E77D500630A61 /* Sources */ = {
			isa = PBXSourcesBuildPhase;
			buildActionMask = 2147483647;
			files = (
				94578F352783DE9D0009F25C /* NavigationBarStyle.swift in Sources */,
				94327ADF27886F4D001684BF /* FeedDetailsView.swift in Sources */,
				94BEB615279389BE001B55DA /* APIRequest.swift in Sources */,
				94B4FF2E278297A400D126A9 /* UICollectionView+Extension.swift in Sources */,
				942496C12798D27800AF7F22 /* NewsRepository.swift in Sources */,
				94578F2B27834C620009F25C /* FeedSourceInformationView.swift in Sources */,
				942496B62797917B00AF7F22 /* FeedsListItemViewModel.swift in Sources */,
				94578F1C2782B3DF0009F25C /* UIDevice+Extension.swift in Sources */,
				94087955278BBEEA001F70C4 /* AppSecrets.swift in Sources */,
				94440D09278B4CC0006BA114 /* AppDependencyContainer.swift in Sources */,
				94C0738427A1F9AF00C0935B /* NewsRequestType.swift in Sources */,
				94BEB6132793828C001B55DA /* Endpoint.swift in Sources */,
				94421DCF279E9B1700DE1D50 /* String+Extension.swift in Sources */,
				94578F2F2783C2130009F25C /* LatestNewsSectionHeader.swift in Sources */,
				942496BB279795F600AF7F22 /* Category.swift in Sources */,
				942496BE2798D0B400AF7F22 /* NewsListUseCase.swift in Sources */,
				9408794C278BB5B4001F70C4 /* CleanNewsSecrets.swift in Sources */,
				94B4FF1C277FF15300D126A9 /* UIView+Extension.swift in Sources */,
				942496C8279905C400AF7F22 /* NewsItem.swift in Sources */,
				942B111B27B05DB200B7C9F3 /* UseCase.swift in Sources */,
				940595CB277FD0A100630A61 /* Creatable.swift in Sources */,
				942B111D27B061AF00B7C9F3 /* DefaultUseCaseExecutor.swift in Sources */,
				94059584277E77D500630A61 /* BaseViewController.swift in Sources */,
				94578F242782C3280009F25C /* HomeView.swift in Sources */,
				94327ADD27877D36001684BF /* FeedDetailsViewController.swift in Sources */,
				94578F2D27835F0A0009F25C /* FeedInteractiveView.swift in Sources */,
				94578F26278322E50009F25C /* FeedsCell.swift in Sources */,
				94421DCD279CE5D800DE1D50 /* ArticleToFeedsListItemViewModelMapper.swift in Sources */,
				94440D06278B2822006BA114 /* SwipeToRevealView.swift in Sources */,
				942496B127978C9500AF7F22 /* HomeViewModel.swift in Sources */,
				94087951278BBBEA001F70C4 /* AppProdSecrets.swift in Sources */,
				94087938278BA8F4001F70C4 /* AppConfiguration.swift in Sources */,
				94578F222782C31E0009F25C /* HomeViewController.swift in Sources */,
				94059580277E77D500630A61 /* AppDelegate.swift in Sources */,
				942496B3279790A200AF7F22 /* Observable.swift in Sources */,
				94578F3A27847EF10009F25C /* CategoriesViewController.swift in Sources */,
				942496C42798F0C100AF7F22 /* NewsAPIResponse.swift in Sources */,
				94B4FF2C278294DB00D126A9 /* UIColor+Extension.swift in Sources */,
				94C1F0CD27A0FE5B00A3B022 /* BreakingNewsResponse.swift in Sources */,
				94B4FF2427828E4900D126A9 /* UIEdgeInsets+Extension.swift in Sources */,
				94087948278BB21B001F70C4 /* Secrets.swift in Sources */,
				94578F3C27847EFD0009F25C /* CategoriesView.swift in Sources */,
				940595CF277FDB0D00630A61 /*  UIViewController+AddBehaviors.swift in Sources */,
				94C1F0C927A0F01100A3B022 /* NewsSource.swift in Sources */,
				94578F2927832F9D0009F25C /* PaddingLabel.swift in Sources */,
				9405958A277E77D500630A61 /* CleanNews.xcdatamodeld in Sources */,
				94BEB61127936C96001B55DA /* NetworkService.swift in Sources */,
				942496AF27977F0E00AF7F22 /* FeedsDIContainer.swift in Sources */,
				948B1B2F27A9FE89009C8208 /* Network+Error.swift in Sources */,
				94059582277E77D500630A61 /* SceneDelegate.swift in Sources */,
				94440D0427893033006BA114 /* BookmarkCell.swift in Sources */,
				94B4FF222782854400D126A9 /* MenuView.swift in Sources */,
				94578F1A2782AFD20009F25C /* NavigationBarTintColorBehaviour.swift in Sources */,
				94C1F0CB27A0FC0B00A3B022 /* Article.swift in Sources */,
				94B4FF20278281D400D126A9 /* MenuViewController.swift in Sources */,
				94B4FF312782A16F00D126A9 /* MenuDividerCell.swift in Sources */,
				94578F372783DED60009F25C /* NavigationBarWithLineBehaviour.swift in Sources */,
				94087936278B941F001F70C4 /* Environment.swift in Sources */,
				94578F332783D6DE0009F25C /* NavigationBarWithTransparentBehaviour.swift in Sources */,
				94B4FF282782909F00D126A9 /* CollectionViewCell.swift in Sources */,
				948B762927B09F860068E9F0 /* DefaultNewsRepository.swift in Sources */,
				94B4FF17277FEA9D00D126A9 /* BaseView.swift in Sources */,
				94440CFD27892C73006BA114 /* UIScrollView+Extension.swift in Sources */,
				9463A8BC27962C6400E4DDE1 /* FeedsCoordinator.swift in Sources */,
				94B4FF262782908800D126A9 /* MenuCell.swift in Sources */,
				94C1F0CF27A10CAC00A3B022 /* NewsEventsToNewsItemMapper.swift in Sources */,
				94BEB6172793991F001B55DA /* NetworkRequestProvider.swift in Sources */,
				940595D2277FDCFF00630A61 /* NavigationBarStyleBehavior.swift in Sources */,
				940595D4277FDEFD00630A61 /* AppAppearance.swift in Sources */,
				94C0738927A3613700C0935B /* UIImageView+Extension.swift in Sources */,
				9463A8BE27962F1B00E4DDE1 /* RequestConfig.swift in Sources */,
				94578F3E2784809F0009F25C /* CategoryCell.swift in Sources */,
				94BEB6192793B8F8001B55DA /* AppCoordinator.swift in Sources */,
				94440D0227892FDA006BA114 /* BookmarksView.swift in Sources */,
				948B762427B072AC0068E9F0 /* ViewControllerRoutes.swift in Sources */,
				94440D0027892FD1006BA114 /* BookmarksViewController.swift in Sources */,
				948B762627B077C60068E9F0 /* AppDevSecrets.swift in Sources */,
			);
			runOnlyForDeploymentPostprocessing = 0;
		};
		94059591277E77D900630A61 /* Sources */ = {
			isa = PBXSourcesBuildPhase;
			buildActionMask = 2147483647;
			files = (
				948B1B3227A9FEBB009C8208 /* NetworkRequestProviderMock.swift in Sources */,
				9405959A277E77D900630A61 /* CleanNewsTests.swift in Sources */,
				94C7D12E27AC71B200999A6A /* NewsRepositoryMock.swift in Sources */,
				9428324327ABC53500CE603C /* NetworkServiceMock.swift in Sources */,
			);
			runOnlyForDeploymentPostprocessing = 0;
		};
		9405959B277E77D900630A61 /* Sources */ = {
			isa = PBXSourcesBuildPhase;
			buildActionMask = 2147483647;
			files = (
				940595A4277E77D900630A61 /* CleanNewsUITests.swift in Sources */,
				940595A6277E77D900630A61 /* CleanNewsUITestsLaunchTests.swift in Sources */,
			);
			runOnlyForDeploymentPostprocessing = 0;
		};
/* End PBXSourcesBuildPhase section */

/* Begin PBXTargetDependency section */
		94059597277E77D900630A61 /* PBXTargetDependency */ = {
			isa = PBXTargetDependency;
			target = 9405957B277E77D500630A61 /* CleanNews */;
			targetProxy = 94059596277E77D900630A61 /* PBXContainerItemProxy */;
		};
		940595A1277E77D900630A61 /* PBXTargetDependency */ = {
			isa = PBXTargetDependency;
			target = 9405957B277E77D500630A61 /* CleanNews */;
			targetProxy = 940595A0277E77D900630A61 /* PBXContainerItemProxy */;
		};
/* End PBXTargetDependency section */

/* Begin PBXVariantGroup section */
		9405958D277E77D800630A61 /* LaunchScreen.storyboard */ = {
			isa = PBXVariantGroup;
			children = (
				9405958E277E77D800630A61 /* Base */,
			);
			name = LaunchScreen.storyboard;
			sourceTree = "<group>";
		};
/* End PBXVariantGroup section */

/* Begin XCBuildConfiguration section */
		940595A7277E77D900630A61 /* Debug Labour */ = {
			isa = XCBuildConfiguration;
			buildSettings = {
				ALWAYS_SEARCH_USER_PATHS = NO;
				CLANG_ANALYZER_NONNULL = YES;
				CLANG_ANALYZER_NUMBER_OBJECT_CONVERSION = YES_AGGRESSIVE;
				CLANG_CXX_LANGUAGE_STANDARD = "gnu++17";
				CLANG_CXX_LIBRARY = "libc++";
				CLANG_ENABLE_MODULES = YES;
				CLANG_ENABLE_OBJC_ARC = YES;
				CLANG_ENABLE_OBJC_WEAK = YES;
				CLANG_WARN_BLOCK_CAPTURE_AUTORELEASING = YES;
				CLANG_WARN_BOOL_CONVERSION = YES;
				CLANG_WARN_COMMA = YES;
				CLANG_WARN_CONSTANT_CONVERSION = YES;
				CLANG_WARN_DEPRECATED_OBJC_IMPLEMENTATIONS = YES;
				CLANG_WARN_DIRECT_OBJC_ISA_USAGE = YES_ERROR;
				CLANG_WARN_DOCUMENTATION_COMMENTS = YES;
				CLANG_WARN_EMPTY_BODY = YES;
				CLANG_WARN_ENUM_CONVERSION = YES;
				CLANG_WARN_INFINITE_RECURSION = YES;
				CLANG_WARN_INT_CONVERSION = YES;
				CLANG_WARN_NON_LITERAL_NULL_CONVERSION = YES;
				CLANG_WARN_OBJC_IMPLICIT_RETAIN_SELF = YES;
				CLANG_WARN_OBJC_LITERAL_CONVERSION = YES;
				CLANG_WARN_OBJC_ROOT_CLASS = YES_ERROR;
				CLANG_WARN_QUOTED_INCLUDE_IN_FRAMEWORK_HEADER = YES;
				CLANG_WARN_RANGE_LOOP_ANALYSIS = YES;
				CLANG_WARN_STRICT_PROTOTYPES = YES;
				CLANG_WARN_SUSPICIOUS_MOVE = YES;
				CLANG_WARN_UNGUARDED_AVAILABILITY = YES_AGGRESSIVE;
				CLANG_WARN_UNREACHABLE_CODE = YES;
				CLANG_WARN__DUPLICATE_METHOD_MATCH = YES;
				COPY_PHASE_STRIP = NO;
				DEBUG_INFORMATION_FORMAT = dwarf;
				ENABLE_STRICT_OBJC_MSGSEND = YES;
				ENABLE_TESTABILITY = YES;
				GCC_C_LANGUAGE_STANDARD = gnu11;
				GCC_DYNAMIC_NO_PIC = NO;
				GCC_NO_COMMON_BLOCKS = YES;
				GCC_OPTIMIZATION_LEVEL = 0;
				GCC_PREPROCESSOR_DEFINITIONS = (
					"DEBUG=1",
					"$(inherited)",
				);
				GCC_WARN_64_TO_32_BIT_CONVERSION = YES;
				GCC_WARN_ABOUT_RETURN_TYPE = YES_ERROR;
				GCC_WARN_UNDECLARED_SELECTOR = YES;
				GCC_WARN_UNINITIALIZED_AUTOS = YES_AGGRESSIVE;
				GCC_WARN_UNUSED_FUNCTION = YES;
				GCC_WARN_UNUSED_VARIABLE = YES;
				IPHONEOS_DEPLOYMENT_TARGET = 15.0;
				MTL_ENABLE_DEBUG_INFO = INCLUDE_SOURCE;
				MTL_FAST_MATH = YES;
				ONLY_ACTIVE_ARCH = YES;
				SDKROOT = iphoneos;
				SWIFT_ACTIVE_COMPILATION_CONDITIONS = DEBUG;
				SWIFT_OPTIMIZATION_LEVEL = "-Onone";
			};
			name = "Debug Labour";
		};
		940595A8277E77D900630A61 /* Release Labour */ = {
			isa = XCBuildConfiguration;
			buildSettings = {
				ALWAYS_SEARCH_USER_PATHS = NO;
				CLANG_ANALYZER_NONNULL = YES;
				CLANG_ANALYZER_NUMBER_OBJECT_CONVERSION = YES_AGGRESSIVE;
				CLANG_CXX_LANGUAGE_STANDARD = "gnu++17";
				CLANG_CXX_LIBRARY = "libc++";
				CLANG_ENABLE_MODULES = YES;
				CLANG_ENABLE_OBJC_ARC = YES;
				CLANG_ENABLE_OBJC_WEAK = YES;
				CLANG_WARN_BLOCK_CAPTURE_AUTORELEASING = YES;
				CLANG_WARN_BOOL_CONVERSION = YES;
				CLANG_WARN_COMMA = YES;
				CLANG_WARN_CONSTANT_CONVERSION = YES;
				CLANG_WARN_DEPRECATED_OBJC_IMPLEMENTATIONS = YES;
				CLANG_WARN_DIRECT_OBJC_ISA_USAGE = YES_ERROR;
				CLANG_WARN_DOCUMENTATION_COMMENTS = YES;
				CLANG_WARN_EMPTY_BODY = YES;
				CLANG_WARN_ENUM_CONVERSION = YES;
				CLANG_WARN_INFINITE_RECURSION = YES;
				CLANG_WARN_INT_CONVERSION = YES;
				CLANG_WARN_NON_LITERAL_NULL_CONVERSION = YES;
				CLANG_WARN_OBJC_IMPLICIT_RETAIN_SELF = YES;
				CLANG_WARN_OBJC_LITERAL_CONVERSION = YES;
				CLANG_WARN_OBJC_ROOT_CLASS = YES_ERROR;
				CLANG_WARN_QUOTED_INCLUDE_IN_FRAMEWORK_HEADER = YES;
				CLANG_WARN_RANGE_LOOP_ANALYSIS = YES;
				CLANG_WARN_STRICT_PROTOTYPES = YES;
				CLANG_WARN_SUSPICIOUS_MOVE = YES;
				CLANG_WARN_UNGUARDED_AVAILABILITY = YES_AGGRESSIVE;
				CLANG_WARN_UNREACHABLE_CODE = YES;
				CLANG_WARN__DUPLICATE_METHOD_MATCH = YES;
				COPY_PHASE_STRIP = NO;
				DEBUG_INFORMATION_FORMAT = "dwarf-with-dsym";
				ENABLE_NS_ASSERTIONS = NO;
				ENABLE_STRICT_OBJC_MSGSEND = YES;
				GCC_C_LANGUAGE_STANDARD = gnu11;
				GCC_NO_COMMON_BLOCKS = YES;
				GCC_WARN_64_TO_32_BIT_CONVERSION = YES;
				GCC_WARN_ABOUT_RETURN_TYPE = YES_ERROR;
				GCC_WARN_UNDECLARED_SELECTOR = YES;
				GCC_WARN_UNINITIALIZED_AUTOS = YES_AGGRESSIVE;
				GCC_WARN_UNUSED_FUNCTION = YES;
				GCC_WARN_UNUSED_VARIABLE = YES;
				IPHONEOS_DEPLOYMENT_TARGET = 15.0;
				MTL_ENABLE_DEBUG_INFO = NO;
				MTL_FAST_MATH = YES;
				SDKROOT = iphoneos;
				SWIFT_COMPILATION_MODE = wholemodule;
				SWIFT_OPTIMIZATION_LEVEL = "-O";
				VALIDATE_PRODUCT = YES;
			};
			name = "Release Labour";
		};
		940595AA277E77D900630A61 /* Debug Labour */ = {
			isa = XCBuildConfiguration;
			buildSettings = {
				ASSETCATALOG_COMPILER_APPICON_NAME = AppIcon;
				ASSETCATALOG_COMPILER_GLOBAL_ACCENT_COLOR_NAME = AccentColor;
				CODE_SIGN_STYLE = Automatic;
				CURRENT_PROJECT_VERSION = 1;
				DEVELOPMENT_TEAM = GDMX8HJT5A;
				GENERATE_INFOPLIST_FILE = YES;
				INFOPLIST_FILE = CleanNews/Resources/Info.plist;
				INFOPLIST_KEY_UIApplicationSupportsIndirectInputEvents = YES;
				INFOPLIST_KEY_UILaunchStoryboardName = LaunchScreen;
				INFOPLIST_KEY_UISupportedInterfaceOrientations_iPad = "UIInterfaceOrientationPortrait UIInterfaceOrientationPortraitUpsideDown UIInterfaceOrientationLandscapeLeft UIInterfaceOrientationLandscapeRight";
				INFOPLIST_KEY_UISupportedInterfaceOrientations_iPhone = "UIInterfaceOrientationPortrait UIInterfaceOrientationLandscapeLeft UIInterfaceOrientationLandscapeRight";
				LD_RUNPATH_SEARCH_PATHS = (
					"$(inherited)",
					"@executable_path/Frameworks",
				);
				MARKETING_VERSION = 1.0;
				PRODUCT_BUNDLE_IDENTIFIER = simpumind.CleanNews.labour;
				PRODUCT_NAME = "$(TARGET_NAME)";
				SWIFT_EMIT_LOC_STRINGS = YES;
				SWIFT_VERSION = 5.0;
				TARGETED_DEVICE_FAMILY = 1;
			};
			name = "Debug Labour";
		};
		940595AB277E77D900630A61 /* Release Labour */ = {
			isa = XCBuildConfiguration;
			buildSettings = {
				ASSETCATALOG_COMPILER_APPICON_NAME = AppIcon;
				ASSETCATALOG_COMPILER_GLOBAL_ACCENT_COLOR_NAME = AccentColor;
				CODE_SIGN_STYLE = Automatic;
				CURRENT_PROJECT_VERSION = 1;
				DEVELOPMENT_TEAM = GDMX8HJT5A;
				GENERATE_INFOPLIST_FILE = YES;
				INFOPLIST_FILE = CleanNews/Resources/Info.plist;
				INFOPLIST_KEY_UIApplicationSupportsIndirectInputEvents = YES;
				INFOPLIST_KEY_UILaunchStoryboardName = LaunchScreen;
				INFOPLIST_KEY_UISupportedInterfaceOrientations_iPad = "UIInterfaceOrientationPortrait UIInterfaceOrientationPortraitUpsideDown UIInterfaceOrientationLandscapeLeft UIInterfaceOrientationLandscapeRight";
				INFOPLIST_KEY_UISupportedInterfaceOrientations_iPhone = "UIInterfaceOrientationPortrait UIInterfaceOrientationLandscapeLeft UIInterfaceOrientationLandscapeRight";
				LD_RUNPATH_SEARCH_PATHS = (
					"$(inherited)",
					"@executable_path/Frameworks",
				);
				MARKETING_VERSION = 1.0;
				PRODUCT_BUNDLE_IDENTIFIER = simpumind.CleanNews.labour;
				PRODUCT_NAME = "CleanNews-Labour";
				SWIFT_EMIT_LOC_STRINGS = YES;
				SWIFT_VERSION = 5.0;
				TARGETED_DEVICE_FAMILY = 1;
			};
			name = "Release Labour";
		};
		940595AD277E77D900630A61 /* Debug Labour */ = {
			isa = XCBuildConfiguration;
			buildSettings = {
				ALWAYS_EMBED_SWIFT_STANDARD_LIBRARIES = YES;
				BUNDLE_LOADER = "$(TEST_HOST)";
				CODE_SIGN_STYLE = Automatic;
				CURRENT_PROJECT_VERSION = 1;
				DEVELOPMENT_TEAM = GDMX8HJT5A;
				GENERATE_INFOPLIST_FILE = YES;
				IPHONEOS_DEPLOYMENT_TARGET = 15.0;
				LD_RUNPATH_SEARCH_PATHS = (
					"$(inherited)",
					"@executable_path/Frameworks",
					"@loader_path/Frameworks",
				);
				MARKETING_VERSION = 1.0;
				PRODUCT_BUNDLE_IDENTIFIER = simpumind.CleanNewsTests;
				PRODUCT_NAME = "$(TARGET_NAME)";
				SWIFT_EMIT_LOC_STRINGS = NO;
				SWIFT_VERSION = 5.0;
				TARGETED_DEVICE_FAMILY = "1,2";
				TEST_HOST = "$(BUILT_PRODUCTS_DIR)/CleanNews.app/CleanNews";
			};
			name = "Debug Labour";
		};
		940595AE277E77D900630A61 /* Release Labour */ = {
			isa = XCBuildConfiguration;
			buildSettings = {
				ALWAYS_EMBED_SWIFT_STANDARD_LIBRARIES = YES;
				BUNDLE_LOADER = "$(TEST_HOST)";
				CODE_SIGN_STYLE = Automatic;
				CURRENT_PROJECT_VERSION = 1;
				DEVELOPMENT_TEAM = GDMX8HJT5A;
				GENERATE_INFOPLIST_FILE = YES;
				IPHONEOS_DEPLOYMENT_TARGET = 15.0;
				LD_RUNPATH_SEARCH_PATHS = (
					"$(inherited)",
					"@executable_path/Frameworks",
					"@loader_path/Frameworks",
				);
				MARKETING_VERSION = 1.0;
				PRODUCT_BUNDLE_IDENTIFIER = simpumind.CleanNewsTests;
				PRODUCT_NAME = "$(TARGET_NAME)";
				SWIFT_EMIT_LOC_STRINGS = NO;
				SWIFT_VERSION = 5.0;
				TARGETED_DEVICE_FAMILY = "1,2";
				TEST_HOST = "$(BUILT_PRODUCTS_DIR)/CleanNews.app/CleanNews";
			};
			name = "Release Labour";
		};
		940595B0277E77D900630A61 /* Debug Labour */ = {
			isa = XCBuildConfiguration;
			buildSettings = {
				ALWAYS_EMBED_SWIFT_STANDARD_LIBRARIES = YES;
				CODE_SIGN_STYLE = Automatic;
				CURRENT_PROJECT_VERSION = 1;
				DEVELOPMENT_TEAM = GDMX8HJT5A;
				GENERATE_INFOPLIST_FILE = YES;
				LD_RUNPATH_SEARCH_PATHS = (
					"$(inherited)",
					"@executable_path/Frameworks",
					"@loader_path/Frameworks",
				);
				MARKETING_VERSION = 1.0;
				PRODUCT_BUNDLE_IDENTIFIER = simpumind.CleanNewsUITests;
				PRODUCT_NAME = "$(TARGET_NAME)";
				SWIFT_EMIT_LOC_STRINGS = NO;
				SWIFT_VERSION = 5.0;
				TARGETED_DEVICE_FAMILY = "1,2";
				TEST_TARGET_NAME = CleanNews;
			};
			name = "Debug Labour";
		};
		940595B1277E77D900630A61 /* Release Labour */ = {
			isa = XCBuildConfiguration;
			buildSettings = {
				ALWAYS_EMBED_SWIFT_STANDARD_LIBRARIES = YES;
				CODE_SIGN_STYLE = Automatic;
				CURRENT_PROJECT_VERSION = 1;
				DEVELOPMENT_TEAM = GDMX8HJT5A;
				GENERATE_INFOPLIST_FILE = YES;
				LD_RUNPATH_SEARCH_PATHS = (
					"$(inherited)",
					"@executable_path/Frameworks",
					"@loader_path/Frameworks",
				);
				MARKETING_VERSION = 1.0;
				PRODUCT_BUNDLE_IDENTIFIER = simpumind.CleanNewsUITests;
				PRODUCT_NAME = "$(TARGET_NAME)";
				SWIFT_EMIT_LOC_STRINGS = NO;
				SWIFT_VERSION = 5.0;
				TARGETED_DEVICE_FAMILY = "1,2";
				TEST_TARGET_NAME = CleanNews;
			};
			name = "Release Labour";
		};
		94087924278B882B001F70C4 /* Debug Alpha */ = {
			isa = XCBuildConfiguration;
			buildSettings = {
				ALWAYS_SEARCH_USER_PATHS = NO;
				CLANG_ANALYZER_NONNULL = YES;
				CLANG_ANALYZER_NUMBER_OBJECT_CONVERSION = YES_AGGRESSIVE;
				CLANG_CXX_LANGUAGE_STANDARD = "gnu++17";
				CLANG_CXX_LIBRARY = "libc++";
				CLANG_ENABLE_MODULES = YES;
				CLANG_ENABLE_OBJC_ARC = YES;
				CLANG_ENABLE_OBJC_WEAK = YES;
				CLANG_WARN_BLOCK_CAPTURE_AUTORELEASING = YES;
				CLANG_WARN_BOOL_CONVERSION = YES;
				CLANG_WARN_COMMA = YES;
				CLANG_WARN_CONSTANT_CONVERSION = YES;
				CLANG_WARN_DEPRECATED_OBJC_IMPLEMENTATIONS = YES;
				CLANG_WARN_DIRECT_OBJC_ISA_USAGE = YES_ERROR;
				CLANG_WARN_DOCUMENTATION_COMMENTS = YES;
				CLANG_WARN_EMPTY_BODY = YES;
				CLANG_WARN_ENUM_CONVERSION = YES;
				CLANG_WARN_INFINITE_RECURSION = YES;
				CLANG_WARN_INT_CONVERSION = YES;
				CLANG_WARN_NON_LITERAL_NULL_CONVERSION = YES;
				CLANG_WARN_OBJC_IMPLICIT_RETAIN_SELF = YES;
				CLANG_WARN_OBJC_LITERAL_CONVERSION = YES;
				CLANG_WARN_OBJC_ROOT_CLASS = YES_ERROR;
				CLANG_WARN_QUOTED_INCLUDE_IN_FRAMEWORK_HEADER = YES;
				CLANG_WARN_RANGE_LOOP_ANALYSIS = YES;
				CLANG_WARN_STRICT_PROTOTYPES = YES;
				CLANG_WARN_SUSPICIOUS_MOVE = YES;
				CLANG_WARN_UNGUARDED_AVAILABILITY = YES_AGGRESSIVE;
				CLANG_WARN_UNREACHABLE_CODE = YES;
				CLANG_WARN__DUPLICATE_METHOD_MATCH = YES;
				COPY_PHASE_STRIP = NO;
				DEBUG_INFORMATION_FORMAT = dwarf;
				ENABLE_STRICT_OBJC_MSGSEND = YES;
				ENABLE_TESTABILITY = YES;
				GCC_C_LANGUAGE_STANDARD = gnu11;
				GCC_DYNAMIC_NO_PIC = NO;
				GCC_NO_COMMON_BLOCKS = YES;
				GCC_OPTIMIZATION_LEVEL = 0;
				GCC_PREPROCESSOR_DEFINITIONS = (
					"DEBUG=1",
					"$(inherited)",
				);
				GCC_WARN_64_TO_32_BIT_CONVERSION = YES;
				GCC_WARN_ABOUT_RETURN_TYPE = YES_ERROR;
				GCC_WARN_UNDECLARED_SELECTOR = YES;
				GCC_WARN_UNINITIALIZED_AUTOS = YES_AGGRESSIVE;
				GCC_WARN_UNUSED_FUNCTION = YES;
				GCC_WARN_UNUSED_VARIABLE = YES;
				IPHONEOS_DEPLOYMENT_TARGET = 15.0;
				MTL_ENABLE_DEBUG_INFO = INCLUDE_SOURCE;
				MTL_FAST_MATH = YES;
				ONLY_ACTIVE_ARCH = YES;
				SDKROOT = iphoneos;
				SWIFT_ACTIVE_COMPILATION_CONDITIONS = DEBUG;
				SWIFT_OPTIMIZATION_LEVEL = "-Onone";
			};
			name = "Debug Alpha";
		};
		94087925278B882B001F70C4 /* Debug Alpha */ = {
			isa = XCBuildConfiguration;
			buildSettings = {
				ASSETCATALOG_COMPILER_APPICON_NAME = AppIcon;
				ASSETCATALOG_COMPILER_GLOBAL_ACCENT_COLOR_NAME = AccentColor;
				CODE_SIGN_STYLE = Automatic;
				CURRENT_PROJECT_VERSION = 1;
				DEVELOPMENT_TEAM = GDMX8HJT5A;
				GENERATE_INFOPLIST_FILE = YES;
				INFOPLIST_FILE = CleanNews/Resources/Info.plist;
				INFOPLIST_KEY_UIApplicationSupportsIndirectInputEvents = YES;
				INFOPLIST_KEY_UILaunchStoryboardName = LaunchScreen;
				INFOPLIST_KEY_UISupportedInterfaceOrientations_iPad = "UIInterfaceOrientationPortrait UIInterfaceOrientationPortraitUpsideDown UIInterfaceOrientationLandscapeLeft UIInterfaceOrientationLandscapeRight";
				INFOPLIST_KEY_UISupportedInterfaceOrientations_iPhone = "UIInterfaceOrientationPortrait UIInterfaceOrientationLandscapeLeft UIInterfaceOrientationLandscapeRight";
				LD_RUNPATH_SEARCH_PATHS = (
					"$(inherited)",
					"@executable_path/Frameworks",
				);
				MARKETING_VERSION = 1.0;
				PRODUCT_BUNDLE_IDENTIFIER = simpumind.CleanNews.alpha;
				PRODUCT_NAME = "CleanNews-Alpha";
				SWIFT_EMIT_LOC_STRINGS = YES;
				SWIFT_VERSION = 5.0;
				TARGETED_DEVICE_FAMILY = 1;
			};
			name = "Debug Alpha";
		};
		94087926278B882B001F70C4 /* Debug Alpha */ = {
			isa = XCBuildConfiguration;
			buildSettings = {
				ALWAYS_EMBED_SWIFT_STANDARD_LIBRARIES = YES;
				BUNDLE_LOADER = "$(TEST_HOST)";
				CODE_SIGN_STYLE = Automatic;
				CURRENT_PROJECT_VERSION = 1;
				DEVELOPMENT_TEAM = GDMX8HJT5A;
				GENERATE_INFOPLIST_FILE = YES;
				IPHONEOS_DEPLOYMENT_TARGET = 15.0;
				LD_RUNPATH_SEARCH_PATHS = (
					"$(inherited)",
					"@executable_path/Frameworks",
					"@loader_path/Frameworks",
				);
				MARKETING_VERSION = 1.0;
				PRODUCT_BUNDLE_IDENTIFIER = simpumind.CleanNewsTests;
				PRODUCT_NAME = "$(TARGET_NAME)";
				SWIFT_EMIT_LOC_STRINGS = NO;
				SWIFT_VERSION = 5.0;
				TARGETED_DEVICE_FAMILY = "1,2";
				TEST_HOST = "$(BUILT_PRODUCTS_DIR)/CleanNews.app/CleanNews";
			};
			name = "Debug Alpha";
		};
		94087927278B882B001F70C4 /* Debug Alpha */ = {
			isa = XCBuildConfiguration;
			buildSettings = {
				ALWAYS_EMBED_SWIFT_STANDARD_LIBRARIES = YES;
				CODE_SIGN_STYLE = Automatic;
				CURRENT_PROJECT_VERSION = 1;
				DEVELOPMENT_TEAM = GDMX8HJT5A;
				GENERATE_INFOPLIST_FILE = YES;
				LD_RUNPATH_SEARCH_PATHS = (
					"$(inherited)",
					"@executable_path/Frameworks",
					"@loader_path/Frameworks",
				);
				MARKETING_VERSION = 1.0;
				PRODUCT_BUNDLE_IDENTIFIER = simpumind.CleanNewsUITests;
				PRODUCT_NAME = "$(TARGET_NAME)";
				SWIFT_EMIT_LOC_STRINGS = NO;
				SWIFT_VERSION = 5.0;
				TARGETED_DEVICE_FAMILY = "1,2";
				TEST_TARGET_NAME = CleanNews;
			};
			name = "Debug Alpha";
		};
		9408792C278B8832001F70C4 /* Release Alpha */ = {
			isa = XCBuildConfiguration;
			buildSettings = {
				ALWAYS_SEARCH_USER_PATHS = NO;
				CLANG_ANALYZER_NONNULL = YES;
				CLANG_ANALYZER_NUMBER_OBJECT_CONVERSION = YES_AGGRESSIVE;
				CLANG_CXX_LANGUAGE_STANDARD = "gnu++17";
				CLANG_CXX_LIBRARY = "libc++";
				CLANG_ENABLE_MODULES = YES;
				CLANG_ENABLE_OBJC_ARC = YES;
				CLANG_ENABLE_OBJC_WEAK = YES;
				CLANG_WARN_BLOCK_CAPTURE_AUTORELEASING = YES;
				CLANG_WARN_BOOL_CONVERSION = YES;
				CLANG_WARN_COMMA = YES;
				CLANG_WARN_CONSTANT_CONVERSION = YES;
				CLANG_WARN_DEPRECATED_OBJC_IMPLEMENTATIONS = YES;
				CLANG_WARN_DIRECT_OBJC_ISA_USAGE = YES_ERROR;
				CLANG_WARN_DOCUMENTATION_COMMENTS = YES;
				CLANG_WARN_EMPTY_BODY = YES;
				CLANG_WARN_ENUM_CONVERSION = YES;
				CLANG_WARN_INFINITE_RECURSION = YES;
				CLANG_WARN_INT_CONVERSION = YES;
				CLANG_WARN_NON_LITERAL_NULL_CONVERSION = YES;
				CLANG_WARN_OBJC_IMPLICIT_RETAIN_SELF = YES;
				CLANG_WARN_OBJC_LITERAL_CONVERSION = YES;
				CLANG_WARN_OBJC_ROOT_CLASS = YES_ERROR;
				CLANG_WARN_QUOTED_INCLUDE_IN_FRAMEWORK_HEADER = YES;
				CLANG_WARN_RANGE_LOOP_ANALYSIS = YES;
				CLANG_WARN_STRICT_PROTOTYPES = YES;
				CLANG_WARN_SUSPICIOUS_MOVE = YES;
				CLANG_WARN_UNGUARDED_AVAILABILITY = YES_AGGRESSIVE;
				CLANG_WARN_UNREACHABLE_CODE = YES;
				CLANG_WARN__DUPLICATE_METHOD_MATCH = YES;
				COPY_PHASE_STRIP = NO;
				DEBUG_INFORMATION_FORMAT = "dwarf-with-dsym";
				ENABLE_NS_ASSERTIONS = NO;
				ENABLE_STRICT_OBJC_MSGSEND = YES;
				GCC_C_LANGUAGE_STANDARD = gnu11;
				GCC_NO_COMMON_BLOCKS = YES;
				GCC_WARN_64_TO_32_BIT_CONVERSION = YES;
				GCC_WARN_ABOUT_RETURN_TYPE = YES_ERROR;
				GCC_WARN_UNDECLARED_SELECTOR = YES;
				GCC_WARN_UNINITIALIZED_AUTOS = YES_AGGRESSIVE;
				GCC_WARN_UNUSED_FUNCTION = YES;
				GCC_WARN_UNUSED_VARIABLE = YES;
				IPHONEOS_DEPLOYMENT_TARGET = 15.0;
				MTL_ENABLE_DEBUG_INFO = NO;
				MTL_FAST_MATH = YES;
				SDKROOT = iphoneos;
				SWIFT_COMPILATION_MODE = wholemodule;
				SWIFT_OPTIMIZATION_LEVEL = "-O";
				VALIDATE_PRODUCT = YES;
			};
			name = "Release Alpha";
		};
		9408792D278B8832001F70C4 /* Release Alpha */ = {
			isa = XCBuildConfiguration;
			buildSettings = {
				ASSETCATALOG_COMPILER_APPICON_NAME = AppIcon;
				ASSETCATALOG_COMPILER_GLOBAL_ACCENT_COLOR_NAME = AccentColor;
				CODE_SIGN_STYLE = Automatic;
				CURRENT_PROJECT_VERSION = 1;
				DEVELOPMENT_TEAM = GDMX8HJT5A;
				GENERATE_INFOPLIST_FILE = YES;
				INFOPLIST_FILE = CleanNews/Resources/Info.plist;
				INFOPLIST_KEY_UIApplicationSupportsIndirectInputEvents = YES;
				INFOPLIST_KEY_UILaunchStoryboardName = LaunchScreen;
				INFOPLIST_KEY_UISupportedInterfaceOrientations_iPad = "UIInterfaceOrientationPortrait UIInterfaceOrientationPortraitUpsideDown UIInterfaceOrientationLandscapeLeft UIInterfaceOrientationLandscapeRight";
				INFOPLIST_KEY_UISupportedInterfaceOrientations_iPhone = "UIInterfaceOrientationPortrait UIInterfaceOrientationLandscapeLeft UIInterfaceOrientationLandscapeRight";
				LD_RUNPATH_SEARCH_PATHS = (
					"$(inherited)",
					"@executable_path/Frameworks",
				);
				MARKETING_VERSION = 1.0;
				PRODUCT_BUNDLE_IDENTIFIER = simpumind.CleanNews.alpha;
				PRODUCT_NAME = "CleanNews-Alpha";
				SWIFT_EMIT_LOC_STRINGS = YES;
				SWIFT_VERSION = 5.0;
				TARGETED_DEVICE_FAMILY = 1;
			};
			name = "Release Alpha";
		};
		9408792E278B8832001F70C4 /* Release Alpha */ = {
			isa = XCBuildConfiguration;
			buildSettings = {
				ALWAYS_EMBED_SWIFT_STANDARD_LIBRARIES = YES;
				BUNDLE_LOADER = "$(TEST_HOST)";
				CODE_SIGN_STYLE = Automatic;
				CURRENT_PROJECT_VERSION = 1;
				DEVELOPMENT_TEAM = GDMX8HJT5A;
				GENERATE_INFOPLIST_FILE = YES;
				IPHONEOS_DEPLOYMENT_TARGET = 15.0;
				LD_RUNPATH_SEARCH_PATHS = (
					"$(inherited)",
					"@executable_path/Frameworks",
					"@loader_path/Frameworks",
				);
				MARKETING_VERSION = 1.0;
				PRODUCT_BUNDLE_IDENTIFIER = simpumind.CleanNewsTests;
				PRODUCT_NAME = "$(TARGET_NAME)";
				SWIFT_EMIT_LOC_STRINGS = NO;
				SWIFT_VERSION = 5.0;
				TARGETED_DEVICE_FAMILY = "1,2";
				TEST_HOST = "$(BUILT_PRODUCTS_DIR)/CleanNews.app/CleanNews";
			};
			name = "Release Alpha";
		};
		9408792F278B8832001F70C4 /* Release Alpha */ = {
			isa = XCBuildConfiguration;
			buildSettings = {
				ALWAYS_EMBED_SWIFT_STANDARD_LIBRARIES = YES;
				CODE_SIGN_STYLE = Automatic;
				CURRENT_PROJECT_VERSION = 1;
				DEVELOPMENT_TEAM = GDMX8HJT5A;
				GENERATE_INFOPLIST_FILE = YES;
				LD_RUNPATH_SEARCH_PATHS = (
					"$(inherited)",
					"@executable_path/Frameworks",
					"@loader_path/Frameworks",
				);
				MARKETING_VERSION = 1.0;
				PRODUCT_BUNDLE_IDENTIFIER = simpumind.CleanNewsUITests;
				PRODUCT_NAME = "$(TARGET_NAME)";
				SWIFT_EMIT_LOC_STRINGS = NO;
				SWIFT_VERSION = 5.0;
				TARGETED_DEVICE_FAMILY = "1,2";
				TEST_TARGET_NAME = CleanNews;
			};
			name = "Release Alpha";
		};
		948B1B3327AA037B009C8208 /* CleanNews Release */ = {
			isa = XCBuildConfiguration;
			buildSettings = {
				ALWAYS_SEARCH_USER_PATHS = NO;
				CLANG_ANALYZER_NONNULL = YES;
				CLANG_ANALYZER_NUMBER_OBJECT_CONVERSION = YES_AGGRESSIVE;
				CLANG_CXX_LANGUAGE_STANDARD = "gnu++17";
				CLANG_CXX_LIBRARY = "libc++";
				CLANG_ENABLE_MODULES = YES;
				CLANG_ENABLE_OBJC_ARC = YES;
				CLANG_ENABLE_OBJC_WEAK = YES;
				CLANG_WARN_BLOCK_CAPTURE_AUTORELEASING = YES;
				CLANG_WARN_BOOL_CONVERSION = YES;
				CLANG_WARN_COMMA = YES;
				CLANG_WARN_CONSTANT_CONVERSION = YES;
				CLANG_WARN_DEPRECATED_OBJC_IMPLEMENTATIONS = YES;
				CLANG_WARN_DIRECT_OBJC_ISA_USAGE = YES_ERROR;
				CLANG_WARN_DOCUMENTATION_COMMENTS = YES;
				CLANG_WARN_EMPTY_BODY = YES;
				CLANG_WARN_ENUM_CONVERSION = YES;
				CLANG_WARN_INFINITE_RECURSION = YES;
				CLANG_WARN_INT_CONVERSION = YES;
				CLANG_WARN_NON_LITERAL_NULL_CONVERSION = YES;
				CLANG_WARN_OBJC_IMPLICIT_RETAIN_SELF = YES;
				CLANG_WARN_OBJC_LITERAL_CONVERSION = YES;
				CLANG_WARN_OBJC_ROOT_CLASS = YES_ERROR;
				CLANG_WARN_QUOTED_INCLUDE_IN_FRAMEWORK_HEADER = YES;
				CLANG_WARN_RANGE_LOOP_ANALYSIS = YES;
				CLANG_WARN_STRICT_PROTOTYPES = YES;
				CLANG_WARN_SUSPICIOUS_MOVE = YES;
				CLANG_WARN_UNGUARDED_AVAILABILITY = YES_AGGRESSIVE;
				CLANG_WARN_UNREACHABLE_CODE = YES;
				CLANG_WARN__DUPLICATE_METHOD_MATCH = YES;
				COPY_PHASE_STRIP = NO;
				DEBUG_INFORMATION_FORMAT = "dwarf-with-dsym";
				ENABLE_NS_ASSERTIONS = NO;
				ENABLE_STRICT_OBJC_MSGSEND = YES;
				GCC_C_LANGUAGE_STANDARD = gnu11;
				GCC_NO_COMMON_BLOCKS = YES;
				GCC_WARN_64_TO_32_BIT_CONVERSION = YES;
				GCC_WARN_ABOUT_RETURN_TYPE = YES_ERROR;
				GCC_WARN_UNDECLARED_SELECTOR = YES;
				GCC_WARN_UNINITIALIZED_AUTOS = YES_AGGRESSIVE;
				GCC_WARN_UNUSED_FUNCTION = YES;
				GCC_WARN_UNUSED_VARIABLE = YES;
				IPHONEOS_DEPLOYMENT_TARGET = 15.0;
				MTL_ENABLE_DEBUG_INFO = NO;
				MTL_FAST_MATH = YES;
				SDKROOT = iphoneos;
				SWIFT_COMPILATION_MODE = wholemodule;
				SWIFT_OPTIMIZATION_LEVEL = "-O";
				VALIDATE_PRODUCT = YES;
			};
			name = "CleanNews Release";
		};
		948B1B3427AA037B009C8208 /* CleanNews Release */ = {
			isa = XCBuildConfiguration;
			buildSettings = {
				ASSETCATALOG_COMPILER_APPICON_NAME = AppIcon;
				ASSETCATALOG_COMPILER_GLOBAL_ACCENT_COLOR_NAME = AccentColor;
				CODE_SIGN_STYLE = Automatic;
				CURRENT_PROJECT_VERSION = 1;
				DEVELOPMENT_TEAM = GDMX8HJT5A;
				GENERATE_INFOPLIST_FILE = YES;
				INFOPLIST_FILE = CleanNews/Resources/Info.plist;
				INFOPLIST_KEY_UIApplicationSupportsIndirectInputEvents = YES;
				INFOPLIST_KEY_UILaunchStoryboardName = LaunchScreen;
				INFOPLIST_KEY_UISupportedInterfaceOrientations_iPad = "UIInterfaceOrientationPortrait UIInterfaceOrientationPortraitUpsideDown UIInterfaceOrientationLandscapeLeft UIInterfaceOrientationLandscapeRight";
				INFOPLIST_KEY_UISupportedInterfaceOrientations_iPhone = "UIInterfaceOrientationPortrait UIInterfaceOrientationLandscapeLeft UIInterfaceOrientationLandscapeRight";
				LD_RUNPATH_SEARCH_PATHS = (
					"$(inherited)",
					"@executable_path/Frameworks",
				);
				MARKETING_VERSION = 1.0;
				PRODUCT_BUNDLE_IDENTIFIER = simpumind.CleanNews.alpha;
				PRODUCT_NAME = CleanNews;
				SWIFT_EMIT_LOC_STRINGS = YES;
				SWIFT_VERSION = 5.0;
				TARGETED_DEVICE_FAMILY = 1;
			};
			name = "CleanNews Release";
		};
		948B1B3527AA037B009C8208 /* CleanNews Release */ = {
			isa = XCBuildConfiguration;
			buildSettings = {
				ALWAYS_EMBED_SWIFT_STANDARD_LIBRARIES = YES;
				BUNDLE_LOADER = "$(TEST_HOST)";
				CODE_SIGN_STYLE = Automatic;
				CURRENT_PROJECT_VERSION = 1;
				DEVELOPMENT_TEAM = GDMX8HJT5A;
				GENERATE_INFOPLIST_FILE = YES;
				IPHONEOS_DEPLOYMENT_TARGET = 15.0;
				LD_RUNPATH_SEARCH_PATHS = (
					"$(inherited)",
					"@executable_path/Frameworks",
					"@loader_path/Frameworks",
				);
				MARKETING_VERSION = 1.0;
				PRODUCT_BUNDLE_IDENTIFIER = simpumind.CleanNewsTests;
				PRODUCT_NAME = "$(TARGET_NAME)";
				SWIFT_EMIT_LOC_STRINGS = NO;
				SWIFT_VERSION = 5.0;
				TARGETED_DEVICE_FAMILY = "1,2";
				TEST_HOST = "$(BUILT_PRODUCTS_DIR)/CleanNews.app/CleanNews";
			};
			name = "CleanNews Release";
		};
		948B1B3627AA037B009C8208 /* CleanNews Release */ = {
			isa = XCBuildConfiguration;
			buildSettings = {
				ALWAYS_EMBED_SWIFT_STANDARD_LIBRARIES = YES;
				CODE_SIGN_STYLE = Automatic;
				CURRENT_PROJECT_VERSION = 1;
				DEVELOPMENT_TEAM = GDMX8HJT5A;
				GENERATE_INFOPLIST_FILE = YES;
				LD_RUNPATH_SEARCH_PATHS = (
					"$(inherited)",
					"@executable_path/Frameworks",
					"@loader_path/Frameworks",
				);
				MARKETING_VERSION = 1.0;
				PRODUCT_BUNDLE_IDENTIFIER = simpumind.CleanNewsUITests;
				PRODUCT_NAME = "$(TARGET_NAME)";
				SWIFT_EMIT_LOC_STRINGS = NO;
				SWIFT_VERSION = 5.0;
				TARGETED_DEVICE_FAMILY = "1,2";
				TEST_TARGET_NAME = CleanNews;
			};
			name = "CleanNews Release";
		};
		948B1B3727AA0394009C8208 /* CleanNews Debug */ = {
			isa = XCBuildConfiguration;
			buildSettings = {
				ALWAYS_SEARCH_USER_PATHS = NO;
				CLANG_ANALYZER_NONNULL = YES;
				CLANG_ANALYZER_NUMBER_OBJECT_CONVERSION = YES_AGGRESSIVE;
				CLANG_CXX_LANGUAGE_STANDARD = "gnu++17";
				CLANG_CXX_LIBRARY = "libc++";
				CLANG_ENABLE_MODULES = YES;
				CLANG_ENABLE_OBJC_ARC = YES;
				CLANG_ENABLE_OBJC_WEAK = YES;
				CLANG_WARN_BLOCK_CAPTURE_AUTORELEASING = YES;
				CLANG_WARN_BOOL_CONVERSION = YES;
				CLANG_WARN_COMMA = YES;
				CLANG_WARN_CONSTANT_CONVERSION = YES;
				CLANG_WARN_DEPRECATED_OBJC_IMPLEMENTATIONS = YES;
				CLANG_WARN_DIRECT_OBJC_ISA_USAGE = YES_ERROR;
				CLANG_WARN_DOCUMENTATION_COMMENTS = YES;
				CLANG_WARN_EMPTY_BODY = YES;
				CLANG_WARN_ENUM_CONVERSION = YES;
				CLANG_WARN_INFINITE_RECURSION = YES;
				CLANG_WARN_INT_CONVERSION = YES;
				CLANG_WARN_NON_LITERAL_NULL_CONVERSION = YES;
				CLANG_WARN_OBJC_IMPLICIT_RETAIN_SELF = YES;
				CLANG_WARN_OBJC_LITERAL_CONVERSION = YES;
				CLANG_WARN_OBJC_ROOT_CLASS = YES_ERROR;
				CLANG_WARN_QUOTED_INCLUDE_IN_FRAMEWORK_HEADER = YES;
				CLANG_WARN_RANGE_LOOP_ANALYSIS = YES;
				CLANG_WARN_STRICT_PROTOTYPES = YES;
				CLANG_WARN_SUSPICIOUS_MOVE = YES;
				CLANG_WARN_UNGUARDED_AVAILABILITY = YES_AGGRESSIVE;
				CLANG_WARN_UNREACHABLE_CODE = YES;
				CLANG_WARN__DUPLICATE_METHOD_MATCH = YES;
				COPY_PHASE_STRIP = NO;
				DEBUG_INFORMATION_FORMAT = dwarf;
				ENABLE_STRICT_OBJC_MSGSEND = YES;
				ENABLE_TESTABILITY = YES;
				GCC_C_LANGUAGE_STANDARD = gnu11;
				GCC_DYNAMIC_NO_PIC = NO;
				GCC_NO_COMMON_BLOCKS = YES;
				GCC_OPTIMIZATION_LEVEL = 0;
				GCC_PREPROCESSOR_DEFINITIONS = (
					"DEBUG=1",
					"$(inherited)",
				);
				GCC_WARN_64_TO_32_BIT_CONVERSION = YES;
				GCC_WARN_ABOUT_RETURN_TYPE = YES_ERROR;
				GCC_WARN_UNDECLARED_SELECTOR = YES;
				GCC_WARN_UNINITIALIZED_AUTOS = YES_AGGRESSIVE;
				GCC_WARN_UNUSED_FUNCTION = YES;
				GCC_WARN_UNUSED_VARIABLE = YES;
				IPHONEOS_DEPLOYMENT_TARGET = 15.0;
				MTL_ENABLE_DEBUG_INFO = INCLUDE_SOURCE;
				MTL_FAST_MATH = YES;
				ONLY_ACTIVE_ARCH = YES;
				SDKROOT = iphoneos;
				SWIFT_ACTIVE_COMPILATION_CONDITIONS = DEBUG;
				SWIFT_OPTIMIZATION_LEVEL = "-Onone";
			};
			name = "CleanNews Debug";
		};
		948B1B3827AA0394009C8208 /* CleanNews Debug */ = {
			isa = XCBuildConfiguration;
			buildSettings = {
				ASSETCATALOG_COMPILER_APPICON_NAME = AppIcon;
				ASSETCATALOG_COMPILER_GLOBAL_ACCENT_COLOR_NAME = AccentColor;
				CODE_SIGN_STYLE = Automatic;
				CURRENT_PROJECT_VERSION = 1;
				DEVELOPMENT_TEAM = GDMX8HJT5A;
				GENERATE_INFOPLIST_FILE = YES;
				INFOPLIST_FILE = CleanNews/Resources/Info.plist;
				INFOPLIST_KEY_UIApplicationSupportsIndirectInputEvents = YES;
				INFOPLIST_KEY_UILaunchStoryboardName = LaunchScreen;
				INFOPLIST_KEY_UISupportedInterfaceOrientations_iPad = "UIInterfaceOrientationPortrait UIInterfaceOrientationPortraitUpsideDown UIInterfaceOrientationLandscapeLeft UIInterfaceOrientationLandscapeRight";
				INFOPLIST_KEY_UISupportedInterfaceOrientations_iPhone = "UIInterfaceOrientationPortrait UIInterfaceOrientationLandscapeLeft UIInterfaceOrientationLandscapeRight";
				LD_RUNPATH_SEARCH_PATHS = (
					"$(inherited)",
					"@executable_path/Frameworks",
				);
				MARKETING_VERSION = 1.0;
				PRODUCT_BUNDLE_IDENTIFIER = simpumind.CleanNews.alpha;
				PRODUCT_NAME = CleanNews;
				SWIFT_EMIT_LOC_STRINGS = YES;
				SWIFT_VERSION = 5.0;
				TARGETED_DEVICE_FAMILY = 1;
			};
			name = "CleanNews Debug";
		};
		948B1B3927AA0394009C8208 /* CleanNews Debug */ = {
			isa = XCBuildConfiguration;
			buildSettings = {
				ALWAYS_EMBED_SWIFT_STANDARD_LIBRARIES = YES;
				BUNDLE_LOADER = "$(TEST_HOST)";
				CODE_SIGN_STYLE = Automatic;
				CURRENT_PROJECT_VERSION = 1;
				DEVELOPMENT_TEAM = GDMX8HJT5A;
				GENERATE_INFOPLIST_FILE = YES;
				IPHONEOS_DEPLOYMENT_TARGET = 15.0;
				LD_RUNPATH_SEARCH_PATHS = (
					"$(inherited)",
					"@executable_path/Frameworks",
					"@loader_path/Frameworks",
				);
				MARKETING_VERSION = 1.0;
				PRODUCT_BUNDLE_IDENTIFIER = simpumind.CleanNewsTests;
				PRODUCT_NAME = "$(TARGET_NAME)";
				SWIFT_EMIT_LOC_STRINGS = NO;
				SWIFT_VERSION = 5.0;
				TARGETED_DEVICE_FAMILY = "1,2";
				TEST_HOST = "$(BUILT_PRODUCTS_DIR)/CleanNews.app/CleanNews";
			};
			name = "CleanNews Debug";
		};
		948B1B3A27AA0394009C8208 /* CleanNews Debug */ = {
			isa = XCBuildConfiguration;
			buildSettings = {
				ALWAYS_EMBED_SWIFT_STANDARD_LIBRARIES = YES;
				CODE_SIGN_STYLE = Automatic;
				CURRENT_PROJECT_VERSION = 1;
				DEVELOPMENT_TEAM = GDMX8HJT5A;
				GENERATE_INFOPLIST_FILE = YES;
				LD_RUNPATH_SEARCH_PATHS = (
					"$(inherited)",
					"@executable_path/Frameworks",
					"@loader_path/Frameworks",
				);
				MARKETING_VERSION = 1.0;
				PRODUCT_BUNDLE_IDENTIFIER = simpumind.CleanNewsUITests;
				PRODUCT_NAME = "$(TARGET_NAME)";
				SWIFT_EMIT_LOC_STRINGS = NO;
				SWIFT_VERSION = 5.0;
				TARGETED_DEVICE_FAMILY = "1,2";
				TEST_TARGET_NAME = CleanNews;
			};
			name = "CleanNews Debug";
		};
/* End XCBuildConfiguration section */

/* Begin XCConfigurationList section */
		94059577277E77D500630A61 /* Build configuration list for PBXProject "CleanNews" */ = {
			isa = XCConfigurationList;
			buildConfigurations = (
				940595A7277E77D900630A61 /* Debug Labour */,
				94087924278B882B001F70C4 /* Debug Alpha */,
				948B1B3727AA0394009C8208 /* CleanNews Debug */,
				940595A8277E77D900630A61 /* Release Labour */,
				9408792C278B8832001F70C4 /* Release Alpha */,
				948B1B3327AA037B009C8208 /* CleanNews Release */,
			);
			defaultConfigurationIsVisible = 0;
			defaultConfigurationName = "Debug Labour";
		};
		940595A9277E77D900630A61 /* Build configuration list for PBXNativeTarget "CleanNews" */ = {
			isa = XCConfigurationList;
			buildConfigurations = (
				940595AA277E77D900630A61 /* Debug Labour */,
				94087925278B882B001F70C4 /* Debug Alpha */,
				948B1B3827AA0394009C8208 /* CleanNews Debug */,
				940595AB277E77D900630A61 /* Release Labour */,
				9408792D278B8832001F70C4 /* Release Alpha */,
				948B1B3427AA037B009C8208 /* CleanNews Release */,
			);
			defaultConfigurationIsVisible = 0;
			defaultConfigurationName = "Debug Labour";
		};
		940595AC277E77D900630A61 /* Build configuration list for PBXNativeTarget "CleanNewsTests" */ = {
			isa = XCConfigurationList;
			buildConfigurations = (
				940595AD277E77D900630A61 /* Debug Labour */,
				94087926278B882B001F70C4 /* Debug Alpha */,
				948B1B3927AA0394009C8208 /* CleanNews Debug */,
				940595AE277E77D900630A61 /* Release Labour */,
				9408792E278B8832001F70C4 /* Release Alpha */,
				948B1B3527AA037B009C8208 /* CleanNews Release */,
			);
			defaultConfigurationIsVisible = 0;
			defaultConfigurationName = "Debug Labour";
		};
		940595AF277E77D900630A61 /* Build configuration list for PBXNativeTarget "CleanNewsUITests" */ = {
			isa = XCConfigurationList;
			buildConfigurations = (
				940595B0277E77D900630A61 /* Debug Labour */,
				94087927278B882B001F70C4 /* Debug Alpha */,
				948B1B3A27AA0394009C8208 /* CleanNews Debug */,
				940595B1277E77D900630A61 /* Release Labour */,
				9408792F278B8832001F70C4 /* Release Alpha */,
				948B1B3627AA037B009C8208 /* CleanNews Release */,
			);
			defaultConfigurationIsVisible = 0;
			defaultConfigurationName = "Debug Labour";
		};
/* End XCConfigurationList section */

/* Begin XCRemoteSwiftPackageReference section */
		9408790D278B530F001F70C4 /* XCRemoteSwiftPackageReference "Moya" */ = {
			isa = XCRemoteSwiftPackageReference;
			repositoryURL = "https://github.com/Moya/Moya.git";
			requirement = {
				branch = master;
				kind = branch;
			};
		};
		94578F1D2782B6960009F25C /* XCRemoteSwiftPackageReference "DeviceGuru" */ = {
			isa = XCRemoteSwiftPackageReference;
			repositoryURL = "https://github.com/InderKumarRathore/DeviceGuru";
			requirement = {
				kind = exactVersion;
				version = 7.0.3;
			};
		};
		94C0738527A360B100C0935B /* XCRemoteSwiftPackageReference "Kingfisher" */ = {
			isa = XCRemoteSwiftPackageReference;
			repositoryURL = "https://github.com/onevcat/Kingfisher.git";
			requirement = {
				kind = exactVersion;
				version = 7.1.2;
			};
		};
/* End XCRemoteSwiftPackageReference section */

/* Begin XCSwiftPackageProductDependency section */
		9408790E278B530F001F70C4 /* Moya */ = {
			isa = XCSwiftPackageProductDependency;
			package = 9408790D278B530F001F70C4 /* XCRemoteSwiftPackageReference "Moya" */;
			productName = Moya;
		};
		94578F1E2782B6960009F25C /* DeviceGuru */ = {
			isa = XCSwiftPackageProductDependency;
			package = 94578F1D2782B6960009F25C /* XCRemoteSwiftPackageReference "DeviceGuru" */;
			productName = DeviceGuru;
		};
		94C0738627A360B100C0935B /* Kingfisher */ = {
			isa = XCSwiftPackageProductDependency;
			package = 94C0738527A360B100C0935B /* XCRemoteSwiftPackageReference "Kingfisher" */;
			productName = Kingfisher;
		};
/* End XCSwiftPackageProductDependency section */

/* Begin XCVersionGroup section */
		94059588277E77D500630A61 /* CleanNews.xcdatamodeld */ = {
			isa = XCVersionGroup;
			children = (
				94059589277E77D500630A61 /* CleanNews.xcdatamodel */,
			);
			currentVersion = 94059589277E77D500630A61 /* CleanNews.xcdatamodel */;
			path = CleanNews.xcdatamodeld;
			sourceTree = "<group>";
			versionGroupType = wrapper.xcdatamodel;
		};
/* End XCVersionGroup section */
	};
	rootObject = 94059574277E77D500630A61 /* Project object */;
}
