// !$*UTF8*$!
{
	archiveVersion = 1;
	classes = {
	};
	objectVersion = 55;
	objects = {

/* Begin PBXBuildFile section */
		94059580277E77D500630A61 /* AppDelegate.swift in Sources */ = {isa = PBXBuildFile; fileRef = 9405957F277E77D500630A61 /* AppDelegate.swift */; };
		94059582277E77D500630A61 /* SceneDelegate.swift in Sources */ = {isa = PBXBuildFile; fileRef = 94059581277E77D500630A61 /* SceneDelegate.swift */; };
		94059584277E77D500630A61 /* BaseViewController.swift in Sources */ = {isa = PBXBuildFile; fileRef = 94059583277E77D500630A61 /* BaseViewController.swift */; };
		9405958A277E77D500630A61 /* CleanNews.xcdatamodeld in Sources */ = {isa = PBXBuildFile; fileRef = 94059588277E77D500630A61 /* CleanNews.xcdatamodeld */; };
		9405958C277E77D800630A61 /* Assets.xcassets in Resources */ = {isa = PBXBuildFile; fileRef = 9405958B277E77D800630A61 /* Assets.xcassets */; };
		9405958F277E77D800630A61 /* LaunchScreen.storyboard in Resources */ = {isa = PBXBuildFile; fileRef = 9405958D277E77D800630A61 /* LaunchScreen.storyboard */; };
		9405959A277E77D900630A61 /* CleanNewsTests.swift in Sources */ = {isa = PBXBuildFile; fileRef = 94059599277E77D900630A61 /* CleanNewsTests.swift */; };
		940595A4277E77D900630A61 /* CleanNewsUITests.swift in Sources */ = {isa = PBXBuildFile; fileRef = 940595A3277E77D900630A61 /* CleanNewsUITests.swift */; };
		940595A6277E77D900630A61 /* CleanNewsUITestsLaunchTests.swift in Sources */ = {isa = PBXBuildFile; fileRef = 940595A5277E77D900630A61 /* CleanNewsUITestsLaunchTests.swift */; };
		940595CB277FD0A100630A61 /* Creatable.swift in Sources */ = {isa = PBXBuildFile; fileRef = 940595CA277FD0A100630A61 /* Creatable.swift */; };
		940595CF277FDB0D00630A61 /*  UIViewController+AddBehaviors.swift in Sources */ = {isa = PBXBuildFile; fileRef = 940595CE277FDB0D00630A61 /*  UIViewController+AddBehaviors.swift */; };
		940595D2277FDCFF00630A61 /* NavigationBarStyleBehavior.swift in Sources */ = {isa = PBXBuildFile; fileRef = 940595D1277FDCFF00630A61 /* NavigationBarStyleBehavior.swift */; };
		940595D4277FDEFD00630A61 /* AppAppearance.swift in Sources */ = {isa = PBXBuildFile; fileRef = 940595D3277FDEFC00630A61 /* AppAppearance.swift */; };
		94578F1A2782AFD20009F25C /* NavigationBarTintColorBehaviour.swift in Sources */ = {isa = PBXBuildFile; fileRef = 94578F192782AFD20009F25C /* NavigationBarTintColorBehaviour.swift */; };
		94578F1C2782B3DF0009F25C /* UIDevice+Extension.swift in Sources */ = {isa = PBXBuildFile; fileRef = 94578F1B2782B3DE0009F25C /* UIDevice+Extension.swift */; };
		94578F1F2782B6960009F25C /* DeviceGuru in Frameworks */ = {isa = PBXBuildFile; productRef = 94578F1E2782B6960009F25C /* DeviceGuru */; };
		94578F222782C31E0009F25C /* HomeViewController.swift in Sources */ = {isa = PBXBuildFile; fileRef = 94578F212782C31E0009F25C /* HomeViewController.swift */; };
		94578F242782C3280009F25C /* HomeView.swift in Sources */ = {isa = PBXBuildFile; fileRef = 94578F232782C3280009F25C /* HomeView.swift */; };
		94578F26278322E50009F25C /* FeedsCell.swift in Sources */ = {isa = PBXBuildFile; fileRef = 94578F25278322E50009F25C /* FeedsCell.swift */; };
		94578F2927832F9D0009F25C /* PaddingLabel.swift in Sources */ = {isa = PBXBuildFile; fileRef = 94578F2827832F9D0009F25C /* PaddingLabel.swift */; };
		94578F2B27834C620009F25C /* FeedTopView.swift in Sources */ = {isa = PBXBuildFile; fileRef = 94578F2A27834C620009F25C /* FeedTopView.swift */; };
		94578F2D27835F0A0009F25C /* FeedInteractiveView.swift in Sources */ = {isa = PBXBuildFile; fileRef = 94578F2C27835F0A0009F25C /* FeedInteractiveView.swift */; };
		94578F2F2783C2130009F25C /* LatestNewsSectionHeader.swift in Sources */ = {isa = PBXBuildFile; fileRef = 94578F2E2783C2130009F25C /* LatestNewsSectionHeader.swift */; };
		94578F332783D6DE0009F25C /* NavigationBarWithTransparentBehaviour.swift in Sources */ = {isa = PBXBuildFile; fileRef = 94578F322783D6DE0009F25C /* NavigationBarWithTransparentBehaviour.swift */; };
		94578F352783DE9D0009F25C /* NavigationBarStyle.swift in Sources */ = {isa = PBXBuildFile; fileRef = 94578F342783DE9D0009F25C /* NavigationBarStyle.swift */; };
		94578F372783DED60009F25C /* NavigationBarWithLineBehaviour.swift in Sources */ = {isa = PBXBuildFile; fileRef = 94578F362783DED60009F25C /* NavigationBarWithLineBehaviour.swift */; };
		94B4FF17277FEA9D00D126A9 /* BaseView.swift in Sources */ = {isa = PBXBuildFile; fileRef = 94B4FF16277FEA9D00D126A9 /* BaseView.swift */; };
		94B4FF1C277FF15300D126A9 /* UIView+Extension.swift in Sources */ = {isa = PBXBuildFile; fileRef = 94B4FF1B277FF15300D126A9 /* UIView+Extension.swift */; };
		94B4FF20278281D400D126A9 /* MenuViewController.swift in Sources */ = {isa = PBXBuildFile; fileRef = 94B4FF1F278281D400D126A9 /* MenuViewController.swift */; };
		94B4FF222782854400D126A9 /* MenuView.swift in Sources */ = {isa = PBXBuildFile; fileRef = 94B4FF212782854400D126A9 /* MenuView.swift */; };
		94B4FF2427828E4900D126A9 /* UIEdgeInsets+Extension.swift in Sources */ = {isa = PBXBuildFile; fileRef = 94B4FF2327828E4900D126A9 /* UIEdgeInsets+Extension.swift */; };
		94B4FF262782908800D126A9 /* MenuCell.swift in Sources */ = {isa = PBXBuildFile; fileRef = 94B4FF252782908800D126A9 /* MenuCell.swift */; };
		94B4FF282782909F00D126A9 /* CollectionViewCell.swift in Sources */ = {isa = PBXBuildFile; fileRef = 94B4FF272782909F00D126A9 /* CollectionViewCell.swift */; };
		94B4FF2A278293CF00D126A9 /* Colors.xcassets in Resources */ = {isa = PBXBuildFile; fileRef = 94B4FF29278293CF00D126A9 /* Colors.xcassets */; };
		94B4FF2C278294DB00D126A9 /* UIColor+Extension.swift in Sources */ = {isa = PBXBuildFile; fileRef = 94B4FF2B278294DB00D126A9 /* UIColor+Extension.swift */; };
		94B4FF2E278297A400D126A9 /* UICollectionView+Extension.swift in Sources */ = {isa = PBXBuildFile; fileRef = 94B4FF2D278297A400D126A9 /* UICollectionView+Extension.swift */; };
		94B4FF312782A16F00D126A9 /* MenuDividerCell.swift in Sources */ = {isa = PBXBuildFile; fileRef = 94B4FF302782A16F00D126A9 /* MenuDividerCell.swift */; };
/* End PBXBuildFile section */

/* Begin PBXContainerItemProxy section */
		94059596277E77D900630A61 /* PBXContainerItemProxy */ = {
			isa = PBXContainerItemProxy;
			containerPortal = 94059574277E77D500630A61 /* Project object */;
			proxyType = 1;
			remoteGlobalIDString = 9405957B277E77D500630A61;
			remoteInfo = CleanNews;
		};
		940595A0277E77D900630A61 /* PBXContainerItemProxy */ = {
			isa = PBXContainerItemProxy;
			containerPortal = 94059574277E77D500630A61 /* Project object */;
			proxyType = 1;
			remoteGlobalIDString = 9405957B277E77D500630A61;
			remoteInfo = CleanNews;
		};
/* End PBXContainerItemProxy section */

/* Begin PBXFileReference section */
		9405957C277E77D500630A61 /* CleanNews.app */ = {isa = PBXFileReference; explicitFileType = wrapper.application; includeInIndex = 0; path = CleanNews.app; sourceTree = BUILT_PRODUCTS_DIR; };
		9405957F277E77D500630A61 /* AppDelegate.swift */ = {isa = PBXFileReference; lastKnownFileType = sourcecode.swift; path = AppDelegate.swift; sourceTree = "<group>"; };
		94059581277E77D500630A61 /* SceneDelegate.swift */ = {isa = PBXFileReference; lastKnownFileType = sourcecode.swift; path = SceneDelegate.swift; sourceTree = "<group>"; };
		94059583277E77D500630A61 /* BaseViewController.swift */ = {isa = PBXFileReference; lastKnownFileType = sourcecode.swift; path = BaseViewController.swift; sourceTree = "<group>"; };
		94059589277E77D500630A61 /* CleanNews.xcdatamodel */ = {isa = PBXFileReference; lastKnownFileType = wrapper.xcdatamodel; path = CleanNews.xcdatamodel; sourceTree = "<group>"; };
		9405958B277E77D800630A61 /* Assets.xcassets */ = {isa = PBXFileReference; lastKnownFileType = folder.assetcatalog; path = Assets.xcassets; sourceTree = "<group>"; };
		9405958E277E77D800630A61 /* Base */ = {isa = PBXFileReference; lastKnownFileType = file.storyboard; name = Base; path = Base.lproj/LaunchScreen.storyboard; sourceTree = "<group>"; };
		94059590277E77D800630A61 /* Info.plist */ = {isa = PBXFileReference; lastKnownFileType = text.plist.xml; path = Info.plist; sourceTree = "<group>"; };
		94059595277E77D900630A61 /* CleanNewsTests.xctest */ = {isa = PBXFileReference; explicitFileType = wrapper.cfbundle; includeInIndex = 0; path = CleanNewsTests.xctest; sourceTree = BUILT_PRODUCTS_DIR; };
		94059599277E77D900630A61 /* CleanNewsTests.swift */ = {isa = PBXFileReference; lastKnownFileType = sourcecode.swift; path = CleanNewsTests.swift; sourceTree = "<group>"; };
		9405959F277E77D900630A61 /* CleanNewsUITests.xctest */ = {isa = PBXFileReference; explicitFileType = wrapper.cfbundle; includeInIndex = 0; path = CleanNewsUITests.xctest; sourceTree = BUILT_PRODUCTS_DIR; };
		940595A3277E77D900630A61 /* CleanNewsUITests.swift */ = {isa = PBXFileReference; lastKnownFileType = sourcecode.swift; path = CleanNewsUITests.swift; sourceTree = "<group>"; };
		940595A5277E77D900630A61 /* CleanNewsUITestsLaunchTests.swift */ = {isa = PBXFileReference; lastKnownFileType = sourcecode.swift; path = CleanNewsUITestsLaunchTests.swift; sourceTree = "<group>"; };
		940595CA277FD0A100630A61 /* Creatable.swift */ = {isa = PBXFileReference; lastKnownFileType = sourcecode.swift; path = Creatable.swift; sourceTree = "<group>"; };
		940595CE277FDB0D00630A61 /*  UIViewController+AddBehaviors.swift */ = {isa = PBXFileReference; lastKnownFileType = sourcecode.swift; path = " UIViewController+AddBehaviors.swift"; sourceTree = "<group>"; };
		940595D1277FDCFF00630A61 /* NavigationBarStyleBehavior.swift */ = {isa = PBXFileReference; lastKnownFileType = sourcecode.swift; path = NavigationBarStyleBehavior.swift; sourceTree = "<group>"; };
		940595D3277FDEFC00630A61 /* AppAppearance.swift */ = {isa = PBXFileReference; lastKnownFileType = sourcecode.swift; path = AppAppearance.swift; sourceTree = "<group>"; };
		94578F192782AFD20009F25C /* NavigationBarTintColorBehaviour.swift */ = {isa = PBXFileReference; lastKnownFileType = sourcecode.swift; path = NavigationBarTintColorBehaviour.swift; sourceTree = "<group>"; };
		94578F1B2782B3DE0009F25C /* UIDevice+Extension.swift */ = {isa = PBXFileReference; lastKnownFileType = sourcecode.swift; path = "UIDevice+Extension.swift"; sourceTree = "<group>"; };
		94578F212782C31E0009F25C /* HomeViewController.swift */ = {isa = PBXFileReference; lastKnownFileType = sourcecode.swift; path = HomeViewController.swift; sourceTree = "<group>"; };
		94578F232782C3280009F25C /* HomeView.swift */ = {isa = PBXFileReference; lastKnownFileType = sourcecode.swift; path = HomeView.swift; sourceTree = "<group>"; };
		94578F25278322E50009F25C /* FeedsCell.swift */ = {isa = PBXFileReference; lastKnownFileType = sourcecode.swift; path = FeedsCell.swift; sourceTree = "<group>"; };
		94578F2827832F9D0009F25C /* PaddingLabel.swift */ = {isa = PBXFileReference; lastKnownFileType = sourcecode.swift; path = PaddingLabel.swift; sourceTree = "<group>"; };
		94578F2A27834C620009F25C /* FeedTopView.swift */ = {isa = PBXFileReference; lastKnownFileType = sourcecode.swift; path = FeedTopView.swift; sourceTree = "<group>"; };
		94578F2C27835F0A0009F25C /* FeedInteractiveView.swift */ = {isa = PBXFileReference; lastKnownFileType = sourcecode.swift; path = FeedInteractiveView.swift; sourceTree = "<group>"; };
		94578F2E2783C2130009F25C /* LatestNewsSectionHeader.swift */ = {isa = PBXFileReference; lastKnownFileType = sourcecode.swift; path = LatestNewsSectionHeader.swift; sourceTree = "<group>"; };
		94578F322783D6DE0009F25C /* NavigationBarWithTransparentBehaviour.swift */ = {isa = PBXFileReference; lastKnownFileType = sourcecode.swift; path = NavigationBarWithTransparentBehaviour.swift; sourceTree = "<group>"; };
		94578F342783DE9D0009F25C /* NavigationBarStyle.swift */ = {isa = PBXFileReference; lastKnownFileType = sourcecode.swift; path = NavigationBarStyle.swift; sourceTree = "<group>"; };
		94578F362783DED60009F25C /* NavigationBarWithLineBehaviour.swift */ = {isa = PBXFileReference; lastKnownFileType = sourcecode.swift; path = NavigationBarWithLineBehaviour.swift; sourceTree = "<group>"; };
		94B4FF16277FEA9D00D126A9 /* BaseView.swift */ = {isa = PBXFileReference; lastKnownFileType = sourcecode.swift; path = BaseView.swift; sourceTree = "<group>"; };
		94B4FF1B277FF15300D126A9 /* UIView+Extension.swift */ = {isa = PBXFileReference; lastKnownFileType = sourcecode.swift; path = "UIView+Extension.swift"; sourceTree = "<group>"; };
		94B4FF1F278281D400D126A9 /* MenuViewController.swift */ = {isa = PBXFileReference; lastKnownFileType = sourcecode.swift; path = MenuViewController.swift; sourceTree = "<group>"; };
		94B4FF212782854400D126A9 /* MenuView.swift */ = {isa = PBXFileReference; lastKnownFileType = sourcecode.swift; path = MenuView.swift; sourceTree = "<group>"; };
		94B4FF2327828E4900D126A9 /* UIEdgeInsets+Extension.swift */ = {isa = PBXFileReference; lastKnownFileType = sourcecode.swift; path = "UIEdgeInsets+Extension.swift"; sourceTree = "<group>"; };
		94B4FF252782908800D126A9 /* MenuCell.swift */ = {isa = PBXFileReference; lastKnownFileType = sourcecode.swift; path = MenuCell.swift; sourceTree = "<group>"; };
		94B4FF272782909F00D126A9 /* CollectionViewCell.swift */ = {isa = PBXFileReference; lastKnownFileType = sourcecode.swift; path = CollectionViewCell.swift; sourceTree = "<group>"; };
		94B4FF29278293CF00D126A9 /* Colors.xcassets */ = {isa = PBXFileReference; lastKnownFileType = folder.assetcatalog; path = Colors.xcassets; sourceTree = "<group>"; };
		94B4FF2B278294DB00D126A9 /* UIColor+Extension.swift */ = {isa = PBXFileReference; lastKnownFileType = sourcecode.swift; path = "UIColor+Extension.swift"; sourceTree = "<group>"; };
		94B4FF2D278297A400D126A9 /* UICollectionView+Extension.swift */ = {isa = PBXFileReference; lastKnownFileType = sourcecode.swift; path = "UICollectionView+Extension.swift"; sourceTree = "<group>"; };
		94B4FF302782A16F00D126A9 /* MenuDividerCell.swift */ = {isa = PBXFileReference; lastKnownFileType = sourcecode.swift; path = MenuDividerCell.swift; sourceTree = "<group>"; };
/* End PBXFileReference section */

/* Begin PBXFrameworksBuildPhase section */
		94059579277E77D500630A61 /* Frameworks */ = {
			isa = PBXFrameworksBuildPhase;
			buildActionMask = 2147483647;
			files = (
				94578F1F2782B6960009F25C /* DeviceGuru in Frameworks */,
			);
			runOnlyForDeploymentPostprocessing = 0;
		};
		94059592277E77D900630A61 /* Frameworks */ = {
			isa = PBXFrameworksBuildPhase;
			buildActionMask = 2147483647;
			files = (
			);
			runOnlyForDeploymentPostprocessing = 0;
		};
		9405959C277E77D900630A61 /* Frameworks */ = {
			isa = PBXFrameworksBuildPhase;
			buildActionMask = 2147483647;
			files = (
			);
			runOnlyForDeploymentPostprocessing = 0;
		};
/* End PBXFrameworksBuildPhase section */

/* Begin PBXGroup section */
		94059573277E77D500630A61 = {
			isa = PBXGroup;
			children = (
				9405957E277E77D500630A61 /* CleanNews */,
				94059598277E77D900630A61 /* CleanNewsTests */,
				940595A2277E77D900630A61 /* CleanNewsUITests */,
				9405957D277E77D500630A61 /* Products */,
			);
			sourceTree = "<group>";
		};
		9405957D277E77D500630A61 /* Products */ = {
			isa = PBXGroup;
			children = (
				9405957C277E77D500630A61 /* CleanNews.app */,
				94059595277E77D900630A61 /* CleanNewsTests.xctest */,
				9405959F277E77D900630A61 /* CleanNewsUITests.xctest */,
			);
			name = Products;
			sourceTree = "<group>";
		};
		9405957E277E77D500630A61 /* CleanNews */ = {
			isa = PBXGroup;
			children = (
				940595BD277FC7C500630A61 /* Application */,
				940595C6277FC97000630A61 /* Data */,
				940595BF277FC80000630A61 /* Presentation */,
				940595C5277FC90300630A61 /* Resources */,
			);
			path = CleanNews;
			sourceTree = "<group>";
		};
		94059598277E77D900630A61 /* CleanNewsTests */ = {
			isa = PBXGroup;
			children = (
				94059599277E77D900630A61 /* CleanNewsTests.swift */,
			);
			path = CleanNewsTests;
			sourceTree = "<group>";
		};
		940595A2277E77D900630A61 /* CleanNewsUITests */ = {
			isa = PBXGroup;
			children = (
				940595A3277E77D900630A61 /* CleanNewsUITests.swift */,
				940595A5277E77D900630A61 /* CleanNewsUITestsLaunchTests.swift */,
			);
			path = CleanNewsUITests;
			sourceTree = "<group>";
		};
		940595BD277FC7C500630A61 /* Application */ = {
			isa = PBXGroup;
			children = (
				940595BE277FC7D000630A61 /* AppDelegate */,
				940595D3277FDEFC00630A61 /* AppAppearance.swift */,
			);
			path = Application;
			sourceTree = "<group>";
		};
		940595BE277FC7D000630A61 /* AppDelegate */ = {
			isa = PBXGroup;
			children = (
				9405957F277E77D500630A61 /* AppDelegate.swift */,
				94059581277E77D500630A61 /* SceneDelegate.swift */,
			);
			path = AppDelegate;
			sourceTree = "<group>";
		};
		940595BF277FC80000630A61 /* Presentation */ = {
			isa = PBXGroup;
			children = (
				940595C9277FD07500630A61 /* Utils */,
				94B4FF18277FEF3700D126A9 /* BaseClasses */,
				94578F2727832F460009F25C /* Components */,
				940595D0277FDB5700630A61 /* Behaviours */,
				94B4FF1D27827E0C00D126A9 /* Scenes */,
			);
			path = Presentation;
			sourceTree = "<group>";
		};
		940595C0277FC81F00630A61 /* Feeds */ = {
			isa = PBXGroup;
			children = (
				94B4FF2F2782A15F00D126A9 /* Cells */,
				94B4FF1E278281B400D126A9 /* Menu */,
				94578F202782C3080009F25C /* Home */,
			);
			path = Feeds;
			sourceTree = "<group>";
		};
		940595C1277FC88500630A61 /* Onboarding */ = {
			isa = PBXGroup;
			children = (
				940595C4277FC8A800630A61 /* Walkthrough */,
				940595C3277FC8A000630A61 /* Signup */,
				940595C2277FC88F00630A61 /* Login */,
			);
			path = Onboarding;
			sourceTree = "<group>";
		};
		940595C2277FC88F00630A61 /* Login */ = {
			isa = PBXGroup;
			children = (
			);
			path = Login;
			sourceTree = "<group>";
		};
		940595C3277FC8A000630A61 /* Signup */ = {
			isa = PBXGroup;
			children = (
			);
			path = Signup;
			sourceTree = "<group>";
		};
		940595C4277FC8A800630A61 /* Walkthrough */ = {
			isa = PBXGroup;
			children = (
			);
			path = Walkthrough;
			sourceTree = "<group>";
		};
		940595C5277FC90300630A61 /* Resources */ = {
			isa = PBXGroup;
			children = (
				9405958B277E77D800630A61 /* Assets.xcassets */,
				94B4FF29278293CF00D126A9 /* Colors.xcassets */,
				9405958D277E77D800630A61 /* LaunchScreen.storyboard */,
				94059590277E77D800630A61 /* Info.plist */,
			);
			path = Resources;
			sourceTree = "<group>";
		};
		940595C6277FC97000630A61 /* Data */ = {
			isa = PBXGroup;
			children = (
				940595C7277FC98200630A61 /* Storage */,
			);
			path = Data;
			sourceTree = "<group>";
		};
		940595C7277FC98200630A61 /* Storage */ = {
			isa = PBXGroup;
			children = (
				940595C8277FC98D00630A61 /* CoreData */,
			);
			path = Storage;
			sourceTree = "<group>";
		};
		940595C8277FC98D00630A61 /* CoreData */ = {
			isa = PBXGroup;
			children = (
				94059588277E77D500630A61 /* CleanNews.xcdatamodeld */,
			);
			path = CoreData;
			sourceTree = "<group>";
		};
		940595C9277FD07500630A61 /* Utils */ = {
			isa = PBXGroup;
			children = (
				940595CD277FDB0000630A61 /* Extension */,
				940595CA277FD0A100630A61 /* Creatable.swift */,
			);
			path = Utils;
			sourceTree = "<group>";
		};
		940595CD277FDB0000630A61 /* Extension */ = {
			isa = PBXGroup;
			children = (
				940595CE277FDB0D00630A61 /*  UIViewController+AddBehaviors.swift */,
				94B4FF1B277FF15300D126A9 /* UIView+Extension.swift */,
				94B4FF2327828E4900D126A9 /* UIEdgeInsets+Extension.swift */,
				94B4FF2B278294DB00D126A9 /* UIColor+Extension.swift */,
				94B4FF2D278297A400D126A9 /* UICollectionView+Extension.swift */,
				94578F1B2782B3DE0009F25C /* UIDevice+Extension.swift */,
			);
			path = Extension;
			sourceTree = "<group>";
		};
		940595D0277FDB5700630A61 /* Behaviours */ = {
			isa = PBXGroup;
			children = (
				940595D1277FDCFF00630A61 /* NavigationBarStyleBehavior.swift */,
				94578F192782AFD20009F25C /* NavigationBarTintColorBehaviour.swift */,
				94578F322783D6DE0009F25C /* NavigationBarWithTransparentBehaviour.swift */,
				94578F362783DED60009F25C /* NavigationBarWithLineBehaviour.swift */,
				94578F342783DE9D0009F25C /* NavigationBarStyle.swift */,
			);
			path = Behaviours;
			sourceTree = "<group>";
		};
		94578F202782C3080009F25C /* Home */ = {
			isa = PBXGroup;
			children = (
				94578F212782C31E0009F25C /* HomeViewController.swift */,
				94578F232782C3280009F25C /* HomeView.swift */,
			);
			path = Home;
			sourceTree = "<group>";
		};
		94578F2727832F460009F25C /* Components */ = {
			isa = PBXGroup;
			children = (
				94578F2827832F9D0009F25C /* PaddingLabel.swift */,
				94578F2A27834C620009F25C /* FeedTopView.swift */,
				94578F2C27835F0A0009F25C /* FeedInteractiveView.swift */,
				94578F2E2783C2130009F25C /* LatestNewsSectionHeader.swift */,
			);
			path = Components;
			sourceTree = "<group>";
		};
		94B4FF18277FEF3700D126A9 /* BaseClasses */ = {
			isa = PBXGroup;
			children = (
				94059583277E77D500630A61 /* BaseViewController.swift */,
				94B4FF16277FEA9D00D126A9 /* BaseView.swift */,
				94B4FF272782909F00D126A9 /* CollectionViewCell.swift */,
			);
			path = BaseClasses;
			sourceTree = "<group>";
		};
		94B4FF1D27827E0C00D126A9 /* Scenes */ = {
			isa = PBXGroup;
			children = (
				940595C1277FC88500630A61 /* Onboarding */,
				940595C0277FC81F00630A61 /* Feeds */,
			);
			path = Scenes;
			sourceTree = "<group>";
		};
		94B4FF1E278281B400D126A9 /* Menu */ = {
			isa = PBXGroup;
			children = (
				94B4FF1F278281D400D126A9 /* MenuViewController.swift */,
				94B4FF212782854400D126A9 /* MenuView.swift */,
			);
			path = Menu;
			sourceTree = "<group>";
		};
		94B4FF2F2782A15F00D126A9 /* Cells */ = {
			isa = PBXGroup;
			children = (
				94B4FF252782908800D126A9 /* MenuCell.swift */,
				94B4FF302782A16F00D126A9 /* MenuDividerCell.swift */,
				94578F25278322E50009F25C /* FeedsCell.swift */,
			);
			path = Cells;
			sourceTree = "<group>";
		};
/* End PBXGroup section */

/* Begin PBXNativeTarget section */
		9405957B277E77D500630A61 /* CleanNews */ = {
			isa = PBXNativeTarget;
			buildConfigurationList = 940595A9277E77D900630A61 /* Build configuration list for PBXNativeTarget "CleanNews" */;
			buildPhases = (
				940595B2277E8E4800630A61 /* Swiftlint Script */,
				940595B8277E9A1200630A61 /* SwiftFormat Script */,
				94059578277E77D500630A61 /* Sources */,
				94059579277E77D500630A61 /* Frameworks */,
				9405957A277E77D500630A61 /* Resources */,
			);
			buildRules = (
			);
			dependencies = (
			);
			name = CleanNews;
			packageProductDependencies = (
				94578F1E2782B6960009F25C /* DeviceGuru */,
			);
			productName = CleanNews;
			productReference = 9405957C277E77D500630A61 /* CleanNews.app */;
			productType = "com.apple.product-type.application";
		};
		94059594277E77D900630A61 /* CleanNewsTests */ = {
			isa = PBXNativeTarget;
			buildConfigurationList = 940595AC277E77D900630A61 /* Build configuration list for PBXNativeTarget "CleanNewsTests" */;
			buildPhases = (
				94059591277E77D900630A61 /* Sources */,
				94059592277E77D900630A61 /* Frameworks */,
				94059593277E77D900630A61 /* Resources */,
			);
			buildRules = (
			);
			dependencies = (
				94059597277E77D900630A61 /* PBXTargetDependency */,
			);
			name = CleanNewsTests;
			productName = CleanNewsTests;
			productReference = 94059595277E77D900630A61 /* CleanNewsTests.xctest */;
			productType = "com.apple.product-type.bundle.unit-test";
		};
		9405959E277E77D900630A61 /* CleanNewsUITests */ = {
			isa = PBXNativeTarget;
			buildConfigurationList = 940595AF277E77D900630A61 /* Build configuration list for PBXNativeTarget "CleanNewsUITests" */;
			buildPhases = (
				9405959B277E77D900630A61 /* Sources */,
				9405959C277E77D900630A61 /* Frameworks */,
				9405959D277E77D900630A61 /* Resources */,
			);
			buildRules = (
			);
			dependencies = (
				940595A1277E77D900630A61 /* PBXTargetDependency */,
			);
			name = CleanNewsUITests;
			productName = CleanNewsUITests;
			productReference = 9405959F277E77D900630A61 /* CleanNewsUITests.xctest */;
			productType = "com.apple.product-type.bundle.ui-testing";
		};
/* End PBXNativeTarget section */

/* Begin PBXProject section */
		94059574277E77D500630A61 /* Project object */ = {
			isa = PBXProject;
			attributes = {
				BuildIndependentTargetsInParallel = 1;
				LastSwiftUpdateCheck = 1310;
				LastUpgradeCheck = 1310;
				TargetAttributes = {
					9405957B277E77D500630A61 = {
						CreatedOnToolsVersion = 13.1;
					};
					94059594277E77D900630A61 = {
						CreatedOnToolsVersion = 13.1;
						TestTargetID = 9405957B277E77D500630A61;
					};
					9405959E277E77D900630A61 = {
						CreatedOnToolsVersion = 13.1;
						TestTargetID = 9405957B277E77D500630A61;
					};
				};
			};
			buildConfigurationList = 94059577277E77D500630A61 /* Build configuration list for PBXProject "CleanNews" */;
			compatibilityVersion = "Xcode 13.0";
			developmentRegion = en;
			hasScannedForEncodings = 0;
			knownRegions = (
				en,
				Base,
			);
			mainGroup = 94059573277E77D500630A61;
			packageReferences = (
				94578F1D2782B6960009F25C /* XCRemoteSwiftPackageReference "DeviceGuru" */,
			);
			productRefGroup = 9405957D277E77D500630A61 /* Products */;
			projectDirPath = "";
			projectRoot = "";
			targets = (
				9405957B277E77D500630A61 /* CleanNews */,
				94059594277E77D900630A61 /* CleanNewsTests */,
				9405959E277E77D900630A61 /* CleanNewsUITests */,
			);
		};
/* End PBXProject section */

/* Begin PBXResourcesBuildPhase section */
		9405957A277E77D500630A61 /* Resources */ = {
			isa = PBXResourcesBuildPhase;
			buildActionMask = 2147483647;
			files = (
				94B4FF2A278293CF00D126A9 /* Colors.xcassets in Resources */,
				9405958F277E77D800630A61 /* LaunchScreen.storyboard in Resources */,
				9405958C277E77D800630A61 /* Assets.xcassets in Resources */,
			);
			runOnlyForDeploymentPostprocessing = 0;
		};
		94059593277E77D900630A61 /* Resources */ = {
			isa = PBXResourcesBuildPhase;
			buildActionMask = 2147483647;
			files = (
			);
			runOnlyForDeploymentPostprocessing = 0;
		};
		9405959D277E77D900630A61 /* Resources */ = {
			isa = PBXResourcesBuildPhase;
			buildActionMask = 2147483647;
			files = (
			);
			runOnlyForDeploymentPostprocessing = 0;
		};
/* End PBXResourcesBuildPhase section */

/* Begin PBXShellScriptBuildPhase section */
		940595B2277E8E4800630A61 /* Swiftlint Script */ = {
			isa = PBXShellScriptBuildPhase;
			buildActionMask = 2147483647;
			files = (
			);
			inputFileListPaths = (
			);
			inputPaths = (
			);
			name = "Swiftlint Script";
			outputFileListPaths = (
			);
			outputPaths = (
			);
			runOnlyForDeploymentPostprocessing = 0;
			shellPath = /bin/sh;
			shellScript = "# Type a script or drag a script file from your workspace to insert its path.\n\nif which swiftlint >/dev/null; then\n  swiftlint\nelse\n  echo \"warning: SwiftLint not installed, download from https://github.com/realm/SwiftLint\"\nfi\n";
		};
		940595B8277E9A1200630A61 /* SwiftFormat Script */ = {
			isa = PBXShellScriptBuildPhase;
			buildActionMask = 2147483647;
			files = (
			);
			inputFileListPaths = (
			);
			inputPaths = (
			);
			name = "SwiftFormat Script";
			outputFileListPaths = (
			);
			outputPaths = (
			);
			runOnlyForDeploymentPostprocessing = 0;
			shellPath = /bin/sh;
			shellScript = "# Type a script or drag a script file from your workspace to insert its path.\ncd BuildTools\nSDKROOT=(xcrun --sdk macosx --show-sdk-path)\n#swift package update #Uncomment this line temporarily to update the version used to the latest matching your BuildTools/Package.swift file\nswift run -c release swiftformat \"$SRCROOT\"\n";
		};
/* End PBXShellScriptBuildPhase section */

/* Begin PBXSourcesBuildPhase section */
		94059578277E77D500630A61 /* Sources */ = {
			isa = PBXSourcesBuildPhase;
			buildActionMask = 2147483647;
			files = (
				94578F352783DE9D0009F25C /* NavigationBarStyle.swift in Sources */,
				94B4FF2E278297A400D126A9 /* UICollectionView+Extension.swift in Sources */,
				94578F2B27834C620009F25C /* FeedTopView.swift in Sources */,
				94578F1C2782B3DF0009F25C /* UIDevice+Extension.swift in Sources */,
				94578F2F2783C2130009F25C /* LatestNewsSectionHeader.swift in Sources */,
				94B4FF1C277FF15300D126A9 /* UIView+Extension.swift in Sources */,
				940595CB277FD0A100630A61 /* Creatable.swift in Sources */,
				94059584277E77D500630A61 /* BaseViewController.swift in Sources */,
				94578F242782C3280009F25C /* HomeView.swift in Sources */,
				94578F2D27835F0A0009F25C /* FeedInteractiveView.swift in Sources */,
				94578F26278322E50009F25C /* FeedsCell.swift in Sources */,
				94578F222782C31E0009F25C /* HomeViewController.swift in Sources */,
				94059580277E77D500630A61 /* AppDelegate.swift in Sources */,
				94B4FF2C278294DB00D126A9 /* UIColor+Extension.swift in Sources */,
				94B4FF2427828E4900D126A9 /* UIEdgeInsets+Extension.swift in Sources */,
				940595CF277FDB0D00630A61 /*  UIViewController+AddBehaviors.swift in Sources */,
				94578F2927832F9D0009F25C /* PaddingLabel.swift in Sources */,
				9405958A277E77D500630A61 /* CleanNews.xcdatamodeld in Sources */,
				94059582277E77D500630A61 /* SceneDelegate.swift in Sources */,
				94B4FF222782854400D126A9 /* MenuView.swift in Sources */,
				94578F1A2782AFD20009F25C /* NavigationBarTintColorBehaviour.swift in Sources */,
				94B4FF20278281D400D126A9 /* MenuViewController.swift in Sources */,
				94B4FF312782A16F00D126A9 /* MenuDividerCell.swift in Sources */,
				94578F372783DED60009F25C /* NavigationBarWithLineBehaviour.swift in Sources */,
				94578F332783D6DE0009F25C /* NavigationBarWithTransparentBehaviour.swift in Sources */,
				94B4FF282782909F00D126A9 /* CollectionViewCell.swift in Sources */,
				94B4FF17277FEA9D00D126A9 /* BaseView.swift in Sources */,
				94B4FF262782908800D126A9 /* MenuCell.swift in Sources */,
				940595D2277FDCFF00630A61 /* NavigationBarStyleBehavior.swift in Sources */,
				940595D4277FDEFD00630A61 /* AppAppearance.swift in Sources */,
			);
			runOnlyForDeploymentPostprocessing = 0;
		};
		94059591277E77D900630A61 /* Sources */ = {
			isa = PBXSourcesBuildPhase;
			buildActionMask = 2147483647;
			files = (
				9405959A277E77D900630A61 /* CleanNewsTests.swift in Sources */,
			);
			runOnlyForDeploymentPostprocessing = 0;
		};
		9405959B277E77D900630A61 /* Sources */ = {
			isa = PBXSourcesBuildPhase;
			buildActionMask = 2147483647;
			files = (
				940595A4277E77D900630A61 /* CleanNewsUITests.swift in Sources */,
				940595A6277E77D900630A61 /* CleanNewsUITestsLaunchTests.swift in Sources */,
			);
			runOnlyForDeploymentPostprocessing = 0;
		};
/* End PBXSourcesBuildPhase section */

/* Begin PBXTargetDependency section */
		94059597277E77D900630A61 /* PBXTargetDependency */ = {
			isa = PBXTargetDependency;
			target = 9405957B277E77D500630A61 /* CleanNews */;
			targetProxy = 94059596277E77D900630A61 /* PBXContainerItemProxy */;
		};
		940595A1277E77D900630A61 /* PBXTargetDependency */ = {
			isa = PBXTargetDependency;
			target = 9405957B277E77D500630A61 /* CleanNews */;
			targetProxy = 940595A0277E77D900630A61 /* PBXContainerItemProxy */;
		};
/* End PBXTargetDependency section */

/* Begin PBXVariantGroup section */
		9405958D277E77D800630A61 /* LaunchScreen.storyboard */ = {
			isa = PBXVariantGroup;
			children = (
				9405958E277E77D800630A61 /* Base */,
			);
			name = LaunchScreen.storyboard;
			sourceTree = "<group>";
		};
/* End PBXVariantGroup section */

/* Begin XCBuildConfiguration section */
		940595A7277E77D900630A61 /* Debug */ = {
			isa = XCBuildConfiguration;
			buildSettings = {
				ALWAYS_SEARCH_USER_PATHS = NO;
				CLANG_ANALYZER_NONNULL = YES;
				CLANG_ANALYZER_NUMBER_OBJECT_CONVERSION = YES_AGGRESSIVE;
				CLANG_CXX_LANGUAGE_STANDARD = "gnu++17";
				CLANG_CXX_LIBRARY = "libc++";
				CLANG_ENABLE_MODULES = YES;
				CLANG_ENABLE_OBJC_ARC = YES;
				CLANG_ENABLE_OBJC_WEAK = YES;
				CLANG_WARN_BLOCK_CAPTURE_AUTORELEASING = YES;
				CLANG_WARN_BOOL_CONVERSION = YES;
				CLANG_WARN_COMMA = YES;
				CLANG_WARN_CONSTANT_CONVERSION = YES;
				CLANG_WARN_DEPRECATED_OBJC_IMPLEMENTATIONS = YES;
				CLANG_WARN_DIRECT_OBJC_ISA_USAGE = YES_ERROR;
				CLANG_WARN_DOCUMENTATION_COMMENTS = YES;
				CLANG_WARN_EMPTY_BODY = YES;
				CLANG_WARN_ENUM_CONVERSION = YES;
				CLANG_WARN_INFINITE_RECURSION = YES;
				CLANG_WARN_INT_CONVERSION = YES;
				CLANG_WARN_NON_LITERAL_NULL_CONVERSION = YES;
				CLANG_WARN_OBJC_IMPLICIT_RETAIN_SELF = YES;
				CLANG_WARN_OBJC_LITERAL_CONVERSION = YES;
				CLANG_WARN_OBJC_ROOT_CLASS = YES_ERROR;
				CLANG_WARN_QUOTED_INCLUDE_IN_FRAMEWORK_HEADER = YES;
				CLANG_WARN_RANGE_LOOP_ANALYSIS = YES;
				CLANG_WARN_STRICT_PROTOTYPES = YES;
				CLANG_WARN_SUSPICIOUS_MOVE = YES;
				CLANG_WARN_UNGUARDED_AVAILABILITY = YES_AGGRESSIVE;
				CLANG_WARN_UNREACHABLE_CODE = YES;
				CLANG_WARN__DUPLICATE_METHOD_MATCH = YES;
				COPY_PHASE_STRIP = NO;
				DEBUG_INFORMATION_FORMAT = dwarf;
				ENABLE_STRICT_OBJC_MSGSEND = YES;
				ENABLE_TESTABILITY = YES;
				GCC_C_LANGUAGE_STANDARD = gnu11;
				GCC_DYNAMIC_NO_PIC = NO;
				GCC_NO_COMMON_BLOCKS = YES;
				GCC_OPTIMIZATION_LEVEL = 0;
				GCC_PREPROCESSOR_DEFINITIONS = (
					"DEBUG=1",
					"$(inherited)",
				);
				GCC_WARN_64_TO_32_BIT_CONVERSION = YES;
				GCC_WARN_ABOUT_RETURN_TYPE = YES_ERROR;
				GCC_WARN_UNDECLARED_SELECTOR = YES;
				GCC_WARN_UNINITIALIZED_AUTOS = YES_AGGRESSIVE;
				GCC_WARN_UNUSED_FUNCTION = YES;
				GCC_WARN_UNUSED_VARIABLE = YES;
				IPHONEOS_DEPLOYMENT_TARGET = 15.0;
				MTL_ENABLE_DEBUG_INFO = INCLUDE_SOURCE;
				MTL_FAST_MATH = YES;
				ONLY_ACTIVE_ARCH = YES;
				SDKROOT = iphoneos;
				SWIFT_ACTIVE_COMPILATION_CONDITIONS = DEBUG;
				SWIFT_OPTIMIZATION_LEVEL = "-Onone";
			};
			name = Debug;
		};
		940595A8277E77D900630A61 /* Release */ = {
			isa = XCBuildConfiguration;
			buildSettings = {
				ALWAYS_SEARCH_USER_PATHS = NO;
				CLANG_ANALYZER_NONNULL = YES;
				CLANG_ANALYZER_NUMBER_OBJECT_CONVERSION = YES_AGGRESSIVE;
				CLANG_CXX_LANGUAGE_STANDARD = "gnu++17";
				CLANG_CXX_LIBRARY = "libc++";
				CLANG_ENABLE_MODULES = YES;
				CLANG_ENABLE_OBJC_ARC = YES;
				CLANG_ENABLE_OBJC_WEAK = YES;
				CLANG_WARN_BLOCK_CAPTURE_AUTORELEASING = YES;
				CLANG_WARN_BOOL_CONVERSION = YES;
				CLANG_WARN_COMMA = YES;
				CLANG_WARN_CONSTANT_CONVERSION = YES;
				CLANG_WARN_DEPRECATED_OBJC_IMPLEMENTATIONS = YES;
				CLANG_WARN_DIRECT_OBJC_ISA_USAGE = YES_ERROR;
				CLANG_WARN_DOCUMENTATION_COMMENTS = YES;
				CLANG_WARN_EMPTY_BODY = YES;
				CLANG_WARN_ENUM_CONVERSION = YES;
				CLANG_WARN_INFINITE_RECURSION = YES;
				CLANG_WARN_INT_CONVERSION = YES;
				CLANG_WARN_NON_LITERAL_NULL_CONVERSION = YES;
				CLANG_WARN_OBJC_IMPLICIT_RETAIN_SELF = YES;
				CLANG_WARN_OBJC_LITERAL_CONVERSION = YES;
				CLANG_WARN_OBJC_ROOT_CLASS = YES_ERROR;
				CLANG_WARN_QUOTED_INCLUDE_IN_FRAMEWORK_HEADER = YES;
				CLANG_WARN_RANGE_LOOP_ANALYSIS = YES;
				CLANG_WARN_STRICT_PROTOTYPES = YES;
				CLANG_WARN_SUSPICIOUS_MOVE = YES;
				CLANG_WARN_UNGUARDED_AVAILABILITY = YES_AGGRESSIVE;
				CLANG_WARN_UNREACHABLE_CODE = YES;
				CLANG_WARN__DUPLICATE_METHOD_MATCH = YES;
				COPY_PHASE_STRIP = NO;
				DEBUG_INFORMATION_FORMAT = "dwarf-with-dsym";
				ENABLE_NS_ASSERTIONS = NO;
				ENABLE_STRICT_OBJC_MSGSEND = YES;
				GCC_C_LANGUAGE_STANDARD = gnu11;
				GCC_NO_COMMON_BLOCKS = YES;
				GCC_WARN_64_TO_32_BIT_CONVERSION = YES;
				GCC_WARN_ABOUT_RETURN_TYPE = YES_ERROR;
				GCC_WARN_UNDECLARED_SELECTOR = YES;
				GCC_WARN_UNINITIALIZED_AUTOS = YES_AGGRESSIVE;
				GCC_WARN_UNUSED_FUNCTION = YES;
				GCC_WARN_UNUSED_VARIABLE = YES;
				IPHONEOS_DEPLOYMENT_TARGET = 15.0;
				MTL_ENABLE_DEBUG_INFO = NO;
				MTL_FAST_MATH = YES;
				SDKROOT = iphoneos;
				SWIFT_COMPILATION_MODE = wholemodule;
				SWIFT_OPTIMIZATION_LEVEL = "-O";
				VALIDATE_PRODUCT = YES;
			};
			name = Release;
		};
		940595AA277E77D900630A61 /* Debug */ = {
			isa = XCBuildConfiguration;
			buildSettings = {
				ASSETCATALOG_COMPILER_APPICON_NAME = AppIcon;
				ASSETCATALOG_COMPILER_GLOBAL_ACCENT_COLOR_NAME = AccentColor;
				CODE_SIGN_STYLE = Automatic;
				CURRENT_PROJECT_VERSION = 1;
				DEVELOPMENT_TEAM = GDMX8HJT5A;
				GENERATE_INFOPLIST_FILE = YES;
				INFOPLIST_FILE = CleanNews/Resources/Info.plist;
				INFOPLIST_KEY_UIApplicationSupportsIndirectInputEvents = YES;
				INFOPLIST_KEY_UILaunchStoryboardName = LaunchScreen;
				INFOPLIST_KEY_UISupportedInterfaceOrientations_iPad = "UIInterfaceOrientationPortrait UIInterfaceOrientationPortraitUpsideDown UIInterfaceOrientationLandscapeLeft UIInterfaceOrientationLandscapeRight";
				INFOPLIST_KEY_UISupportedInterfaceOrientations_iPhone = "UIInterfaceOrientationPortrait UIInterfaceOrientationLandscapeLeft UIInterfaceOrientationLandscapeRight";
				LD_RUNPATH_SEARCH_PATHS = (
					"$(inherited)",
					"@executable_path/Frameworks",
				);
				MARKETING_VERSION = 1.0;
				PRODUCT_BUNDLE_IDENTIFIER = simpumind.CleanNews;
				PRODUCT_NAME = "$(TARGET_NAME)";
				SWIFT_EMIT_LOC_STRINGS = YES;
				SWIFT_VERSION = 5.0;
				TARGETED_DEVICE_FAMILY = 1;
			};
			name = Debug;
		};
		940595AB277E77D900630A61 /* Release */ = {
			isa = XCBuildConfiguration;
			buildSettings = {
				ASSETCATALOG_COMPILER_APPICON_NAME = AppIcon;
				ASSETCATALOG_COMPILER_GLOBAL_ACCENT_COLOR_NAME = AccentColor;
				CODE_SIGN_STYLE = Automatic;
				CURRENT_PROJECT_VERSION = 1;
				DEVELOPMENT_TEAM = GDMX8HJT5A;
				GENERATE_INFOPLIST_FILE = YES;
				INFOPLIST_FILE = CleanNews/Resources/Info.plist;
				INFOPLIST_KEY_UIApplicationSupportsIndirectInputEvents = YES;
				INFOPLIST_KEY_UILaunchStoryboardName = LaunchScreen;
				INFOPLIST_KEY_UISupportedInterfaceOrientations_iPad = "UIInterfaceOrientationPortrait UIInterfaceOrientationPortraitUpsideDown UIInterfaceOrientationLandscapeLeft UIInterfaceOrientationLandscapeRight";
				INFOPLIST_KEY_UISupportedInterfaceOrientations_iPhone = "UIInterfaceOrientationPortrait UIInterfaceOrientationLandscapeLeft UIInterfaceOrientationLandscapeRight";
				LD_RUNPATH_SEARCH_PATHS = (
					"$(inherited)",
					"@executable_path/Frameworks",
				);
				MARKETING_VERSION = 1.0;
				PRODUCT_BUNDLE_IDENTIFIER = simpumind.CleanNews;
				PRODUCT_NAME = "$(TARGET_NAME)";
				SWIFT_EMIT_LOC_STRINGS = YES;
				SWIFT_VERSION = 5.0;
				TARGETED_DEVICE_FAMILY = 1;
			};
			name = Release;
		};
		940595AD277E77D900630A61 /* Debug */ = {
			isa = XCBuildConfiguration;
			buildSettings = {
				ALWAYS_EMBED_SWIFT_STANDARD_LIBRARIES = YES;
				BUNDLE_LOADER = "$(TEST_HOST)";
				CODE_SIGN_STYLE = Automatic;
				CURRENT_PROJECT_VERSION = 1;
				DEVELOPMENT_TEAM = GDMX8HJT5A;
				GENERATE_INFOPLIST_FILE = YES;
				IPHONEOS_DEPLOYMENT_TARGET = 15.0;
				LD_RUNPATH_SEARCH_PATHS = (
					"$(inherited)",
					"@executable_path/Frameworks",
					"@loader_path/Frameworks",
				);
				MARKETING_VERSION = 1.0;
				PRODUCT_BUNDLE_IDENTIFIER = simpumind.CleanNewsTests;
				PRODUCT_NAME = "$(TARGET_NAME)";
				SWIFT_EMIT_LOC_STRINGS = NO;
				SWIFT_VERSION = 5.0;
				TARGETED_DEVICE_FAMILY = "1,2";
				TEST_HOST = "$(BUILT_PRODUCTS_DIR)/CleanNews.app/CleanNews";
			};
			name = Debug;
		};
		940595AE277E77D900630A61 /* Release */ = {
			isa = XCBuildConfiguration;
			buildSettings = {
				ALWAYS_EMBED_SWIFT_STANDARD_LIBRARIES = YES;
				BUNDLE_LOADER = "$(TEST_HOST)";
				CODE_SIGN_STYLE = Automatic;
				CURRENT_PROJECT_VERSION = 1;
				DEVELOPMENT_TEAM = GDMX8HJT5A;
				GENERATE_INFOPLIST_FILE = YES;
				IPHONEOS_DEPLOYMENT_TARGET = 15.0;
				LD_RUNPATH_SEARCH_PATHS = (
					"$(inherited)",
					"@executable_path/Frameworks",
					"@loader_path/Frameworks",
				);
				MARKETING_VERSION = 1.0;
				PRODUCT_BUNDLE_IDENTIFIER = simpumind.CleanNewsTests;
				PRODUCT_NAME = "$(TARGET_NAME)";
				SWIFT_EMIT_LOC_STRINGS = NO;
				SWIFT_VERSION = 5.0;
				TARGETED_DEVICE_FAMILY = "1,2";
				TEST_HOST = "$(BUILT_PRODUCTS_DIR)/CleanNews.app/CleanNews";
			};
			name = Release;
		};
		940595B0277E77D900630A61 /* Debug */ = {
			isa = XCBuildConfiguration;
			buildSettings = {
				ALWAYS_EMBED_SWIFT_STANDARD_LIBRARIES = YES;
				CODE_SIGN_STYLE = Automatic;
				CURRENT_PROJECT_VERSION = 1;
				DEVELOPMENT_TEAM = GDMX8HJT5A;
				GENERATE_INFOPLIST_FILE = YES;
				LD_RUNPATH_SEARCH_PATHS = (
					"$(inherited)",
					"@executable_path/Frameworks",
					"@loader_path/Frameworks",
				);
				MARKETING_VERSION = 1.0;
				PRODUCT_BUNDLE_IDENTIFIER = simpumind.CleanNewsUITests;
				PRODUCT_NAME = "$(TARGET_NAME)";
				SWIFT_EMIT_LOC_STRINGS = NO;
				SWIFT_VERSION = 5.0;
				TARGETED_DEVICE_FAMILY = "1,2";
				TEST_TARGET_NAME = CleanNews;
			};
			name = Debug;
		};
		940595B1277E77D900630A61 /* Release */ = {
			isa = XCBuildConfiguration;
			buildSettings = {
				ALWAYS_EMBED_SWIFT_STANDARD_LIBRARIES = YES;
				CODE_SIGN_STYLE = Automatic;
				CURRENT_PROJECT_VERSION = 1;
				DEVELOPMENT_TEAM = GDMX8HJT5A;
				GENERATE_INFOPLIST_FILE = YES;
				LD_RUNPATH_SEARCH_PATHS = (
					"$(inherited)",
					"@executable_path/Frameworks",
					"@loader_path/Frameworks",
				);
				MARKETING_VERSION = 1.0;
				PRODUCT_BUNDLE_IDENTIFIER = simpumind.CleanNewsUITests;
				PRODUCT_NAME = "$(TARGET_NAME)";
				SWIFT_EMIT_LOC_STRINGS = NO;
				SWIFT_VERSION = 5.0;
				TARGETED_DEVICE_FAMILY = "1,2";
				TEST_TARGET_NAME = CleanNews;
			};
			name = Release;
		};
/* End XCBuildConfiguration section */

/* Begin XCConfigurationList section */
		94059577277E77D500630A61 /* Build configuration list for PBXProject "CleanNews" */ = {
			isa = XCConfigurationList;
			buildConfigurations = (
				940595A7277E77D900630A61 /* Debug */,
				940595A8277E77D900630A61 /* Release */,
			);
			defaultConfigurationIsVisible = 0;
			defaultConfigurationName = Release;
		};
		940595A9277E77D900630A61 /* Build configuration list for PBXNativeTarget "CleanNews" */ = {
			isa = XCConfigurationList;
			buildConfigurations = (
				940595AA277E77D900630A61 /* Debug */,
				940595AB277E77D900630A61 /* Release */,
			);
			defaultConfigurationIsVisible = 0;
			defaultConfigurationName = Release;
		};
		940595AC277E77D900630A61 /* Build configuration list for PBXNativeTarget "CleanNewsTests" */ = {
			isa = XCConfigurationList;
			buildConfigurations = (
				940595AD277E77D900630A61 /* Debug */,
				940595AE277E77D900630A61 /* Release */,
			);
			defaultConfigurationIsVisible = 0;
			defaultConfigurationName = Release;
		};
		940595AF277E77D900630A61 /* Build configuration list for PBXNativeTarget "CleanNewsUITests" */ = {
			isa = XCConfigurationList;
			buildConfigurations = (
				940595B0277E77D900630A61 /* Debug */,
				940595B1277E77D900630A61 /* Release */,
			);
			defaultConfigurationIsVisible = 0;
			defaultConfigurationName = Release;
		};
/* End XCConfigurationList section */

/* Begin XCRemoteSwiftPackageReference section */
		94578F1D2782B6960009F25C /* XCRemoteSwiftPackageReference "DeviceGuru" */ = {
			isa = XCRemoteSwiftPackageReference;
			repositoryURL = "https://github.com/InderKumarRathore/DeviceGuru";
			requirement = {
				kind = exactVersion;
				version = 7.0.3;
			};
		};
/* End XCRemoteSwiftPackageReference section */

/* Begin XCSwiftPackageProductDependency section */
		94578F1E2782B6960009F25C /* DeviceGuru */ = {
			isa = XCSwiftPackageProductDependency;
			package = 94578F1D2782B6960009F25C /* XCRemoteSwiftPackageReference "DeviceGuru" */;
			productName = DeviceGuru;
		};
/* End XCSwiftPackageProductDependency section */

/* Begin XCVersionGroup section */
		94059588277E77D500630A61 /* CleanNews.xcdatamodeld */ = {
			isa = XCVersionGroup;
			children = (
				94059589277E77D500630A61 /* CleanNews.xcdatamodel */,
			);
			currentVersion = 94059589277E77D500630A61 /* CleanNews.xcdatamodel */;
			path = CleanNews.xcdatamodeld;
			sourceTree = "<group>";
			versionGroupType = wrapper.xcdatamodel;
		};
/* End XCVersionGroup section */
	};
	rootObject = 94059574277E77D500630A61 /* Project object */;
}
